// !$*UTF8*$!
{
	archiveVersion = 1;
	classes = {
	};
	objectVersion = 46;
	objects = {

/* Begin PBXBuildFile section */
		E20F7C0B16862161001BF2C3 /* QuartzCore.framework in Frameworks */ = {isa = PBXBuildFile; fileRef = E20F7C0A16862161001BF2C3 /* QuartzCore.framework */; };
		E230F0421603F84200C7543B /* IIWrapController.m in Sources */ = {isa = PBXBuildFile; fileRef = E230F0401603F84200C7543B /* IIWrapController.m */; };
		E26716661556946C00E0C3C0 /* UIKit.framework in Frameworks */ = {isa = PBXBuildFile; fileRef = E26716651556946C00E0C3C0 /* UIKit.framework */; };
		E26716681556946C00E0C3C0 /* Foundation.framework in Frameworks */ = {isa = PBXBuildFile; fileRef = E26716671556946C00E0C3C0 /* Foundation.framework */; };
		E267166A1556946C00E0C3C0 /* CoreGraphics.framework in Frameworks */ = {isa = PBXBuildFile; fileRef = E26716691556946C00E0C3C0 /* CoreGraphics.framework */; };
		E26716701556946C00E0C3C0 /* InfoPlist.strings in Resources */ = {isa = PBXBuildFile; fileRef = E267166E1556946C00E0C3C0 /* InfoPlist.strings */; };
		E26716721556946C00E0C3C0 /* main.m in Sources */ = {isa = PBXBuildFile; fileRef = E26716711556946C00E0C3C0 /* main.m */; };
		E26716761556946C00E0C3C0 /* AppDelegate.m in Sources */ = {isa = PBXBuildFile; fileRef = E26716751556946C00E0C3C0 /* AppDelegate.m */; };
		E26716861556949200E0C3C0 /* IIViewDeckController.m in Sources */ = {isa = PBXBuildFile; fileRef = E26716831556949200E0C3C0 /* IIViewDeckController.m */; };
		E267168B1556998700E0C3C0 /* LeftViewController.m in Sources */ = {isa = PBXBuildFile; fileRef = E26716891556998700E0C3C0 /* LeftViewController.m */; };
		E267168C1556998700E0C3C0 /* LeftViewController.xib in Resources */ = {isa = PBXBuildFile; fileRef = E267168A1556998700E0C3C0 /* LeftViewController.xib */; };
		E2671690155699AF00E0C3C0 /* CenterViewController.m in Sources */ = {isa = PBXBuildFile; fileRef = E267168E155699AF00E0C3C0 /* CenterViewController.m */; };
		E2671691155699AF00E0C3C0 /* CenterViewController.xib in Resources */ = {isa = PBXBuildFile; fileRef = E267168F155699AF00E0C3C0 /* CenterViewController.xib */; };
		E267169515569A3800E0C3C0 /* BottomViewController.m in Sources */ = {isa = PBXBuildFile; fileRef = E267169315569A3800E0C3C0 /* BottomViewController.m */; };
		E267169615569A3800E0C3C0 /* BottomViewController.xib in Resources */ = {isa = PBXBuildFile; fileRef = E267169415569A3800E0C3C0 /* BottomViewController.xib */; };
		E267169A15569BA100E0C3C0 /* UITableViewCell+AutoDequeue.m in Sources */ = {isa = PBXBuildFile; fileRef = E267169915569BA100E0C3C0 /* UITableViewCell+AutoDequeue.m */; };
		E2B01A33155BE2D400E05FB9 /* ModalViewController.m in Sources */ = {isa = PBXBuildFile; fileRef = E2B01A31155BE2D300E05FB9 /* ModalViewController.m */; };
		E2B01A34155BE2D400E05FB9 /* ModalViewController.xib in Resources */ = {isa = PBXBuildFile; fileRef = E2B01A32155BE2D300E05FB9 /* ModalViewController.xib */; };
		E2DAC33C16E7C22D002BD487 /* Default-568h@2x.png in Resources */ = {isa = PBXBuildFile; fileRef = E2DAC33B16E7C22D002BD487 /* Default-568h@2x.png */; };
/* End PBXBuildFile section */

/* Begin PBXFileReference section */
		E20F7C0A16862161001BF2C3 /* QuartzCore.framework */ = {isa = PBXFileReference; lastKnownFileType = wrapper.framework; name = QuartzCore.framework; path = System/Library/Frameworks/QuartzCore.framework; sourceTree = SDKROOT; };
		E230F0401603F84200C7543B /* IIWrapController.m */ = {isa = PBXFileReference; fileEncoding = 4; lastKnownFileType = sourcecode.c.objc; path = IIWrapController.m; sourceTree = "<group>"; };
		E230F0411603F84200C7543B /* IIWrapController.h */ = {isa = PBXFileReference; fileEncoding = 4; lastKnownFileType = sourcecode.c.h; path = IIWrapController.h; sourceTree = "<group>"; };
		E26716611556946C00E0C3C0 /* MultiViewDeckExample.app */ = {isa = PBXFileReference; explicitFileType = wrapper.application; includeInIndex = 0; path = MultiViewDeckExample.app; sourceTree = BUILT_PRODUCTS_DIR; };
		E26716651556946C00E0C3C0 /* UIKit.framework */ = {isa = PBXFileReference; lastKnownFileType = wrapper.framework; name = UIKit.framework; path = System/Library/Frameworks/UIKit.framework; sourceTree = SDKROOT; };
		E26716671556946C00E0C3C0 /* Foundation.framework */ = {isa = PBXFileReference; lastKnownFileType = wrapper.framework; name = Foundation.framework; path = System/Library/Frameworks/Foundation.framework; sourceTree = SDKROOT; };
		E26716691556946C00E0C3C0 /* CoreGraphics.framework */ = {isa = PBXFileReference; lastKnownFileType = wrapper.framework; name = CoreGraphics.framework; path = System/Library/Frameworks/CoreGraphics.framework; sourceTree = SDKROOT; };
		E267166D1556946C00E0C3C0 /* MultiViewDeckExample-Info.plist */ = {isa = PBXFileReference; lastKnownFileType = text.plist.xml; path = "MultiViewDeckExample-Info.plist"; sourceTree = "<group>"; };
		E267166F1556946C00E0C3C0 /* en */ = {isa = PBXFileReference; lastKnownFileType = text.plist.strings; name = en; path = en.lproj/InfoPlist.strings; sourceTree = "<group>"; };
		E26716711556946C00E0C3C0 /* main.m */ = {isa = PBXFileReference; lastKnownFileType = sourcecode.c.objc; path = main.m; sourceTree = "<group>"; };
		E26716731556946C00E0C3C0 /* MultiViewDeckExample-Prefix.pch */ = {isa = PBXFileReference; lastKnownFileType = sourcecode.c.h; path = "MultiViewDeckExample-Prefix.pch"; sourceTree = "<group>"; };
		E26716741556946C00E0C3C0 /* AppDelegate.h */ = {isa = PBXFileReference; lastKnownFileType = sourcecode.c.h; path = AppDelegate.h; sourceTree = "<group>"; };
		E26716751556946C00E0C3C0 /* AppDelegate.m */ = {isa = PBXFileReference; lastKnownFileType = sourcecode.c.objc; path = AppDelegate.m; sourceTree = "<group>"; };
		E26716821556949200E0C3C0 /* IIViewDeckController.h */ = {isa = PBXFileReference; fileEncoding = 4; lastKnownFileType = sourcecode.c.h; path = IIViewDeckController.h; sourceTree = "<group>"; };
		E26716831556949200E0C3C0 /* IIViewDeckController.m */ = {isa = PBXFileReference; fileEncoding = 4; lastKnownFileType = sourcecode.c.objc; path = IIViewDeckController.m; sourceTree = "<group>"; };
		E26716881556998700E0C3C0 /* LeftViewController.h */ = {isa = PBXFileReference; fileEncoding = 4; lastKnownFileType = sourcecode.c.h; path = LeftViewController.h; sourceTree = "<group>"; };
		E26716891556998700E0C3C0 /* LeftViewController.m */ = {isa = PBXFileReference; fileEncoding = 4; lastKnownFileType = sourcecode.c.objc; path = LeftViewController.m; sourceTree = "<group>"; };
		E267168A1556998700E0C3C0 /* LeftViewController.xib */ = {isa = PBXFileReference; fileEncoding = 4; lastKnownFileType = file.xib; path = LeftViewController.xib; sourceTree = "<group>"; };
		E267168D155699AF00E0C3C0 /* CenterViewController.h */ = {isa = PBXFileReference; fileEncoding = 4; lastKnownFileType = sourcecode.c.h; path = CenterViewController.h; sourceTree = "<group>"; };
		E267168E155699AF00E0C3C0 /* CenterViewController.m */ = {isa = PBXFileReference; fileEncoding = 4; lastKnownFileType = sourcecode.c.objc; path = CenterViewController.m; sourceTree = "<group>"; };
		E267168F155699AF00E0C3C0 /* CenterViewController.xib */ = {isa = PBXFileReference; fileEncoding = 4; lastKnownFileType = file.xib; path = CenterViewController.xib; sourceTree = "<group>"; };
		E267169215569A3800E0C3C0 /* BottomViewController.h */ = {isa = PBXFileReference; fileEncoding = 4; lastKnownFileType = sourcecode.c.h; path = BottomViewController.h; sourceTree = "<group>"; };
		E267169315569A3800E0C3C0 /* BottomViewController.m */ = {isa = PBXFileReference; fileEncoding = 4; lastKnownFileType = sourcecode.c.objc; path = BottomViewController.m; sourceTree = "<group>"; };
		E267169415569A3800E0C3C0 /* BottomViewController.xib */ = {isa = PBXFileReference; fileEncoding = 4; lastKnownFileType = file.xib; path = BottomViewController.xib; sourceTree = "<group>"; };
		E267169815569BA100E0C3C0 /* UITableViewCell+AutoDequeue.h */ = {isa = PBXFileReference; fileEncoding = 4; lastKnownFileType = sourcecode.c.h; path = "UITableViewCell+AutoDequeue.h"; sourceTree = "<group>"; };
		E267169915569BA100E0C3C0 /* UITableViewCell+AutoDequeue.m */ = {isa = PBXFileReference; fileEncoding = 4; lastKnownFileType = sourcecode.c.objc; path = "UITableViewCell+AutoDequeue.m"; sourceTree = "<group>"; };
		E2B01A30155BE2D300E05FB9 /* ModalViewController.h */ = {isa = PBXFileReference; fileEncoding = 4; lastKnownFileType = sourcecode.c.h; path = ModalViewController.h; sourceTree = "<group>"; };
		E2B01A31155BE2D300E05FB9 /* ModalViewController.m */ = {isa = PBXFileReference; fileEncoding = 4; lastKnownFileType = sourcecode.c.objc; path = ModalViewController.m; sourceTree = "<group>"; };
		E2B01A32155BE2D300E05FB9 /* ModalViewController.xib */ = {isa = PBXFileReference; fileEncoding = 4; lastKnownFileType = file.xib; path = ModalViewController.xib; sourceTree = "<group>"; };
		E2DAC33B16E7C22D002BD487 /* Default-568h@2x.png */ = {isa = PBXFileReference; lastKnownFileType = image.png; name = "Default-568h@2x.png"; path = "../Default-568h@2x.png"; sourceTree = "<group>"; };
/* End PBXFileReference section */

/* Begin PBXFrameworksBuildPhase section */
		E267165E1556946C00E0C3C0 /* Frameworks */ = {
			isa = PBXFrameworksBuildPhase;
			buildActionMask = 2147483647;
			files = (
				E20F7C0B16862161001BF2C3 /* QuartzCore.framework in Frameworks */,
				E26716661556946C00E0C3C0 /* UIKit.framework in Frameworks */,
				E26716681556946C00E0C3C0 /* Foundation.framework in Frameworks */,
				E267166A1556946C00E0C3C0 /* CoreGraphics.framework in Frameworks */,
			);
			runOnlyForDeploymentPostprocessing = 0;
		};
/* End PBXFrameworksBuildPhase section */

/* Begin PBXGroup section */
		E26716561556946B00E0C3C0 = {
			isa = PBXGroup;
			children = (
				E2DAC33B16E7C22D002BD487 /* Default-568h@2x.png */,
				E20F7C0A16862161001BF2C3 /* QuartzCore.framework */,
				E267166B1556946C00E0C3C0 /* MultiViewDeckExample */,
				E26716641556946C00E0C3C0 /* Frameworks */,
				E26716621556946C00E0C3C0 /* Products */,
			);
			sourceTree = "<group>";
		};
		E26716621556946C00E0C3C0 /* Products */ = {
			isa = PBXGroup;
			children = (
				E26716611556946C00E0C3C0 /* MultiViewDeckExample.app */,
			);
			name = Products;
			sourceTree = "<group>";
		};
		E26716641556946C00E0C3C0 /* Frameworks */ = {
			isa = PBXGroup;
			children = (
				E26716651556946C00E0C3C0 /* UIKit.framework */,
				E26716671556946C00E0C3C0 /* Foundation.framework */,
				E26716691556946C00E0C3C0 /* CoreGraphics.framework */,
			);
			name = Frameworks;
			sourceTree = "<group>";
		};
		E267166B1556946C00E0C3C0 /* MultiViewDeckExample */ = {
			isa = PBXGroup;
			children = (
				E26716801556948300E0C3C0 /* vendor */,
				E26716741556946C00E0C3C0 /* AppDelegate.h */,
				E26716751556946C00E0C3C0 /* AppDelegate.m */,
				E267166C1556946C00E0C3C0 /* Supporting Files */,
				E26716881556998700E0C3C0 /* LeftViewController.h */,
				E26716891556998700E0C3C0 /* LeftViewController.m */,
				E267168A1556998700E0C3C0 /* LeftViewController.xib */,
				E267169215569A3800E0C3C0 /* BottomViewController.h */,
				E267169315569A3800E0C3C0 /* BottomViewController.m */,
				E267169415569A3800E0C3C0 /* BottomViewController.xib */,
				E267168D155699AF00E0C3C0 /* CenterViewController.h */,
				E267168E155699AF00E0C3C0 /* CenterViewController.m */,
				E267168F155699AF00E0C3C0 /* CenterViewController.xib */,
				E2B01A30155BE2D300E05FB9 /* ModalViewController.h */,
				E2B01A31155BE2D300E05FB9 /* ModalViewController.m */,
				E2B01A32155BE2D300E05FB9 /* ModalViewController.xib */,
			);
			path = MultiViewDeckExample;
			sourceTree = "<group>";
		};
		E267166C1556946C00E0C3C0 /* Supporting Files */ = {
			isa = PBXGroup;
			children = (
				E267166D1556946C00E0C3C0 /* MultiViewDeckExample-Info.plist */,
				E267166E1556946C00E0C3C0 /* InfoPlist.strings */,
				E26716711556946C00E0C3C0 /* main.m */,
				E26716731556946C00E0C3C0 /* MultiViewDeckExample-Prefix.pch */,
			);
			name = "Supporting Files";
			sourceTree = "<group>";
		};
		E26716801556948300E0C3C0 /* vendor */ = {
			isa = PBXGroup;
			children = (
				E267169715569B7200E0C3C0 /* Extensions */,
				E26716811556949200E0C3C0 /* ViewDeck */,
			);
			name = vendor;
			sourceTree = "<group>";
		};
		E26716811556949200E0C3C0 /* ViewDeck */ = {
			isa = PBXGroup;
			children = (
				E230F0401603F84200C7543B /* IIWrapController.m */,
				E230F0411603F84200C7543B /* IIWrapController.h */,
				E26716821556949200E0C3C0 /* IIViewDeckController.h */,
				E26716831556949200E0C3C0 /* IIViewDeckController.m */,
			);
			name = ViewDeck;
			path = ../../ViewDeck;
			sourceTree = "<group>";
		};
		E267169715569B7200E0C3C0 /* Extensions */ = {
			isa = PBXGroup;
			children = (
				E267169815569BA100E0C3C0 /* UITableViewCell+AutoDequeue.h */,
				E267169915569BA100E0C3C0 /* UITableViewCell+AutoDequeue.m */,
			);
			name = Extensions;
			sourceTree = "<group>";
		};
/* End PBXGroup section */

/* Begin PBXNativeTarget section */
		E26716601556946C00E0C3C0 /* MultiViewDeckExample */ = {
			isa = PBXNativeTarget;
			buildConfigurationList = E26716791556946C00E0C3C0 /* Build configuration list for PBXNativeTarget "MultiViewDeckExample" */;
			buildPhases = (
				E267165D1556946C00E0C3C0 /* Sources */,
				E267165E1556946C00E0C3C0 /* Frameworks */,
				E267165F1556946C00E0C3C0 /* Resources */,
			);
			buildRules = (
			);
			dependencies = (
			);
			name = MultiViewDeckExample;
			productName = MultiViewDeckExample;
			productReference = E26716611556946C00E0C3C0 /* MultiViewDeckExample.app */;
			productType = "com.apple.product-type.application";
		};
/* End PBXNativeTarget section */

/* Begin PBXProject section */
		E26716581556946B00E0C3C0 /* Project object */ = {
			isa = PBXProject;
			attributes = {
				LastUpgradeCheck = 0430;
				ORGANIZATIONNAME = "Tom Adriaenssen";
			};
			buildConfigurationList = E267165B1556946B00E0C3C0 /* Build configuration list for PBXProject "MultiViewDeckExample" */;
			compatibilityVersion = "Xcode 3.2";
			developmentRegion = English;
			hasScannedForEncodings = 0;
			knownRegions = (
				en,
			);
			mainGroup = E26716561556946B00E0C3C0;
			productRefGroup = E26716621556946C00E0C3C0 /* Products */;
			projectDirPath = "";
			projectRoot = "";
			targets = (
				E26716601556946C00E0C3C0 /* MultiViewDeckExample */,
			);
		};
/* End PBXProject section */

/* Begin PBXResourcesBuildPhase section */
		E267165F1556946C00E0C3C0 /* Resources */ = {
			isa = PBXResourcesBuildPhase;
			buildActionMask = 2147483647;
			files = (
				E26716701556946C00E0C3C0 /* InfoPlist.strings in Resources */,
				E267168C1556998700E0C3C0 /* LeftViewController.xib in Resources */,
				E2671691155699AF00E0C3C0 /* CenterViewController.xib in Resources */,
				E267169615569A3800E0C3C0 /* BottomViewController.xib in Resources */,
				E2B01A34155BE2D400E05FB9 /* ModalViewController.xib in Resources */,
				E2DAC33C16E7C22D002BD487 /* Default-568h@2x.png in Resources */,
			);
			runOnlyForDeploymentPostprocessing = 0;
		};
/* End PBXResourcesBuildPhase section */

/* Begin PBXSourcesBuildPhase section */
		E267165D1556946C00E0C3C0 /* Sources */ = {
			isa = PBXSourcesBuildPhase;
			buildActionMask = 2147483647;
			files = (
				E26716721556946C00E0C3C0 /* main.m in Sources */,
				E26716761556946C00E0C3C0 /* AppDelegate.m in Sources */,
				E26716861556949200E0C3C0 /* IIViewDeckController.m in Sources */,
				E267168B1556998700E0C3C0 /* LeftViewController.m in Sources */,
				E2671690155699AF00E0C3C0 /* CenterViewController.m in Sources */,
				E267169515569A3800E0C3C0 /* BottomViewController.m in Sources */,
				E267169A15569BA100E0C3C0 /* UITableViewCell+AutoDequeue.m in Sources */,
				E2B01A33155BE2D400E05FB9 /* ModalViewController.m in Sources */,
				E230F0421603F84200C7543B /* IIWrapController.m in Sources */,
			);
			runOnlyForDeploymentPostprocessing = 0;
		};
/* End PBXSourcesBuildPhase section */

/* Begin PBXVariantGroup section */
		E267166E1556946C00E0C3C0 /* InfoPlist.strings */ = {
			isa = PBXVariantGroup;
			children = (
				E267166F1556946C00E0C3C0 /* en */,
			);
			name = InfoPlist.strings;
			sourceTree = "<group>";
		};
/* End PBXVariantGroup section */

/* Begin XCBuildConfiguration section */
		E26716771556946C00E0C3C0 /* Debug */ = {
			isa = XCBuildConfiguration;
			buildSettings = {
				ALWAYS_SEARCH_USER_PATHS = NO;
				ARCHS = "$(ARCHS_STANDARD_32_BIT)";
				CLANG_ENABLE_OBJC_ARC = YES;
				"CODE_SIGN_IDENTITY[sdk=iphoneos*]" = "iPhone Developer";
				COPY_PHASE_STRIP = NO;
				GCC_C_LANGUAGE_STANDARD = gnu99;
				GCC_DYNAMIC_NO_PIC = NO;
				GCC_OPTIMIZATION_LEVEL = 0;
				GCC_PREPROCESSOR_DEFINITIONS = (
					"DEBUG=1",
					"$(inherited)",
				);
				GCC_SYMBOLS_PRIVATE_EXTERN = NO;
				GCC_TREAT_IMPLICIT_FUNCTION_DECLARATIONS_AS_ERRORS = YES;
				GCC_TREAT_WARNINGS_AS_ERRORS = NO;
				GCC_VERSION = com.apple.compilers.llvm.clang.1_0;
				GCC_WARN_ABOUT_RETURN_TYPE = YES;
				GCC_WARN_INHIBIT_ALL_WARNINGS = NO;
				GCC_WARN_UNINITIALIZED_AUTOS = YES;
				GCC_WARN_UNUSED_VARIABLE = YES;
				IPHONEOS_DEPLOYMENT_TARGET = 5.1;
				SDKROOT = iphoneos;
			};
			name = Debug;
		};
		E26716781556946C00E0C3C0 /* Release */ = {
			isa = XCBuildConfiguration;
			buildSettings = {
				ALWAYS_SEARCH_USER_PATHS = NO;
				ARCHS = "$(ARCHS_STANDARD_32_BIT)";
				CLANG_ENABLE_OBJC_ARC = YES;
				"CODE_SIGN_IDENTITY[sdk=iphoneos*]" = "iPhone Developer";
				COPY_PHASE_STRIP = YES;
				GCC_C_LANGUAGE_STANDARD = gnu99;
				GCC_TREAT_IMPLICIT_FUNCTION_DECLARATIONS_AS_ERRORS = YES;
				GCC_TREAT_WARNINGS_AS_ERRORS = NO;
				GCC_VERSION = com.apple.compilers.llvm.clang.1_0;
				GCC_WARN_ABOUT_RETURN_TYPE = YES;
				GCC_WARN_INHIBIT_ALL_WARNINGS = NO;
				GCC_WARN_UNINITIALIZED_AUTOS = YES;
				GCC_WARN_UNUSED_VARIABLE = YES;
				IPHONEOS_DEPLOYMENT_TARGET = 5.1;
				OTHER_CFLAGS = "-DNS_BLOCK_ASSERTIONS=1";
				SDKROOT = iphoneos;
				VALIDATE_PRODUCT = YES;
			};
			name = Release;
		};
		E267167A1556946C00E0C3C0 /* Debug */ = {
			isa = XCBuildConfiguration;
			buildSettings = {
				GCC_PRECOMPILE_PREFIX_HEADER = YES;
				GCC_PREFIX_HEADER = "MultiViewDeckExample/MultiViewDeckExample-Prefix.pch";
				GCC_TREAT_IMPLICIT_FUNCTION_DECLARATIONS_AS_ERRORS = NO;
				INFOPLIST_FILE = "MultiViewDeckExample/MultiViewDeckExample-Info.plist";
				IPHONEOS_DEPLOYMENT_TARGET = 5.0;
				PRODUCT_NAME = "$(TARGET_NAME)";
				WRAPPER_EXTENSION = app;
			};
			name = Debug;
		};
		E267167B1556946C00E0C3C0 /* Release */ = {
			isa = XCBuildConfiguration;
			buildSettings = {
				GCC_PRECOMPILE_PREFIX_HEADER = YES;
				GCC_PREFIX_HEADER = "MultiViewDeckExample/MultiViewDeckExample-Prefix.pch";
				GCC_TREAT_IMPLICIT_FUNCTION_DECLARATIONS_AS_ERRORS = NO;
				INFOPLIST_FILE = "MultiViewDeckExample/MultiViewDeckExample-Info.plist";
				IPHONEOS_DEPLOYMENT_TARGET = 5.0;
				PRODUCT_NAME = "$(TARGET_NAME)";
				WRAPPER_EXTENSION = app;
			};
			name = Release;
		};
/* End XCBuildConfiguration section */

/* Begin XCConfigurationList section */
		E267165B1556946B00E0C3C0 /* Build configuration list for PBXProject "MultiViewDeckExample" */ = {
			isa = XCConfigurationList;
			buildConfigurations = (
				E26716771556946C00E0C3C0 /* Debug */,
				E26716781556946C00E0C3C0 /* Release */,
			);
			defaultConfigurationIsVisible = 0;
			defaultConfigurationName = Release;
		};
		E26716791556946C00E0C3C0 /* Build configuration list for PBXNativeTarget "MultiViewDeckExample" */ = {
			isa = XCConfigurationList;
			buildConfigurations = (
				E267167A1556946C00E0C3C0 /* Debug */,
				E267167B1556946C00E0C3C0 /* Release */,
			);
			defaultConfigurationIsVisible = 0;
			defaultConfigurationName = Release;
		};
/* End XCConfigurationList section */
	};
	rootObject = E26716581556946B00E0C3C0 /* Project object */;
}
