// !$*UTF8*$!
{
	archiveVersion = 1;
	classes = {
	};
	objectVersion = 46;
	objects = {

/* Begin PBXBuildFile section */
		E20F7C0D16866367001BF2C3 /* QuartzCore.framework in Frameworks */ = {isa = PBXBuildFile; fileRef = E20F7C0C16866367001BF2C3 /* QuartzCore.framework */; };
		E22354F31600B65E00A3EEFC /* UIKit.framework in Frameworks */ = {isa = PBXBuildFile; fileRef = E22354F21600B65E00A3EEFC /* UIKit.framework */; };
		E22354F51600B65E00A3EEFC /* Foundation.framework in Frameworks */ = {isa = PBXBuildFile; fileRef = E22354F41600B65E00A3EEFC /* Foundation.framework */; };
		E22354F71600B65E00A3EEFC /* CoreGraphics.framework in Frameworks */ = {isa = PBXBuildFile; fileRef = E22354F61600B65E00A3EEFC /* CoreGraphics.framework */; };
		E22354FD1600B65E00A3EEFC /* InfoPlist.strings in Resources */ = {isa = PBXBuildFile; fileRef = E22354FB1600B65E00A3EEFC /* InfoPlist.strings */; };
		E22354FF1600B65E00A3EEFC /* main.m in Sources */ = {isa = PBXBuildFile; fileRef = E22354FE1600B65E00A3EEFC /* main.m */; };
		E22355031600B65E00A3EEFC /* AppDelegate.m in Sources */ = {isa = PBXBuildFile; fileRef = E22355021600B65E00A3EEFC /* AppDelegate.m */; };
		E223550F1600B68400A3EEFC /* IIViewDeckController.m in Sources */ = {isa = PBXBuildFile; fileRef = E223550C1600B68400A3EEFC /* IIViewDeckController.m */; };
		E22355181600B9D900A3EEFC /* CenterViewController.m in Sources */ = {isa = PBXBuildFile; fileRef = E22355161600B9D900A3EEFC /* CenterViewController.m */; };
		E22355191600B9D900A3EEFC /* CenterViewController.xib in Resources */ = {isa = PBXBuildFile; fileRef = E22355171600B9D900A3EEFC /* CenterViewController.xib */; };
		E223551D1600B9E900A3EEFC /* SideViewController.m in Sources */ = {isa = PBXBuildFile; fileRef = E223551B1600B9E900A3EEFC /* SideViewController.m */; };
		E223551E1600B9E900A3EEFC /* SideViewController.xib in Resources */ = {isa = PBXBuildFile; fileRef = E223551C1600B9E900A3EEFC /* SideViewController.xib */; };
		E2DAC33A16E7C0E8002BD487 /* Default-568h@2x.png in Resources */ = {isa = PBXBuildFile; fileRef = E2DAC33916E7C0E8002BD487 /* Default-568h@2x.png */; };
/* End PBXBuildFile section */

/* Begin PBXFileReference section */
		E0C300C5161A4EF30097213B /* IIWrapController.h */ = {isa = PBXFileReference; lastKnownFileType = sourcecode.c.h; path = IIWrapController.h; sourceTree = "<group>"; };
		E0C300C6161A4EF30097213B /* IIWrapController.m */ = {isa = PBXFileReference; lastKnownFileType = sourcecode.c.objc; path = IIWrapController.m; sourceTree = "<group>"; };
		E20F7C0C16866367001BF2C3 /* QuartzCore.framework */ = {isa = PBXFileReference; lastKnownFileType = wrapper.framework; name = QuartzCore.framework; path = System/Library/Frameworks/QuartzCore.framework; sourceTree = SDKROOT; };
		E22354EE1600B65E00A3EEFC /* FoursExample.app */ = {isa = PBXFileReference; explicitFileType = wrapper.application; includeInIndex = 0; path = FoursExample.app; sourceTree = BUILT_PRODUCTS_DIR; };
		E22354F21600B65E00A3EEFC /* UIKit.framework */ = {isa = PBXFileReference; lastKnownFileType = wrapper.framework; name = UIKit.framework; path = System/Library/Frameworks/UIKit.framework; sourceTree = SDKROOT; };
		E22354F41600B65E00A3EEFC /* Foundation.framework */ = {isa = PBXFileReference; lastKnownFileType = wrapper.framework; name = Foundation.framework; path = System/Library/Frameworks/Foundation.framework; sourceTree = SDKROOT; };
		E22354F61600B65E00A3EEFC /* CoreGraphics.framework */ = {isa = PBXFileReference; lastKnownFileType = wrapper.framework; name = CoreGraphics.framework; path = System/Library/Frameworks/CoreGraphics.framework; sourceTree = SDKROOT; };
		E22354FA1600B65E00A3EEFC /* FoursExample-Info.plist */ = {isa = PBXFileReference; lastKnownFileType = text.plist.xml; path = "FoursExample-Info.plist"; sourceTree = "<group>"; };
		E22354FC1600B65E00A3EEFC /* en */ = {isa = PBXFileReference; lastKnownFileType = text.plist.strings; name = en; path = en.lproj/InfoPlist.strings; sourceTree = "<group>"; };
		E22354FE1600B65E00A3EEFC /* main.m */ = {isa = PBXFileReference; lastKnownFileType = sourcecode.c.objc; path = main.m; sourceTree = "<group>"; };
		E22355001600B65E00A3EEFC /* FoursExample-Prefix.pch */ = {isa = PBXFileReference; lastKnownFileType = sourcecode.c.h; path = "FoursExample-Prefix.pch"; sourceTree = "<group>"; };
		E22355011600B65E00A3EEFC /* AppDelegate.h */ = {isa = PBXFileReference; lastKnownFileType = sourcecode.c.h; path = AppDelegate.h; sourceTree = "<group>"; };
		E22355021600B65E00A3EEFC /* AppDelegate.m */ = {isa = PBXFileReference; lastKnownFileType = sourcecode.c.objc; path = AppDelegate.m; sourceTree = "<group>"; };
		E223550B1600B68400A3EEFC /* IIViewDeckController.h */ = {isa = PBXFileReference; fileEncoding = 4; lastKnownFileType = sourcecode.c.h; path = IIViewDeckController.h; sourceTree = "<group>"; };
		E223550C1600B68400A3EEFC /* IIViewDeckController.m */ = {isa = PBXFileReference; fileEncoding = 4; lastKnownFileType = sourcecode.c.objc; path = IIViewDeckController.m; sourceTree = "<group>"; };
		E22355151600B9D900A3EEFC /* CenterViewController.h */ = {isa = PBXFileReference; fileEncoding = 4; lastKnownFileType = sourcecode.c.h; path = CenterViewController.h; sourceTree = "<group>"; };
		E22355161600B9D900A3EEFC /* CenterViewController.m */ = {isa = PBXFileReference; fileEncoding = 4; lastKnownFileType = sourcecode.c.objc; path = CenterViewController.m; sourceTree = "<group>"; };
		E22355171600B9D900A3EEFC /* CenterViewController.xib */ = {isa = PBXFileReference; fileEncoding = 4; lastKnownFileType = file.xib; path = CenterViewController.xib; sourceTree = "<group>"; };
		E223551A1600B9E900A3EEFC /* SideViewController.h */ = {isa = PBXFileReference; fileEncoding = 4; lastKnownFileType = sourcecode.c.h; path = SideViewController.h; sourceTree = "<group>"; };
		E223551B1600B9E900A3EEFC /* SideViewController.m */ = {isa = PBXFileReference; fileEncoding = 4; lastKnownFileType = sourcecode.c.objc; path = SideViewController.m; sourceTree = "<group>"; };
		E223551C1600B9E900A3EEFC /* SideViewController.xib */ = {isa = PBXFileReference; fileEncoding = 4; lastKnownFileType = file.xib; path = SideViewController.xib; sourceTree = "<group>"; };
		E2DAC33916E7C0E8002BD487 /* Default-568h@2x.png */ = {isa = PBXFileReference; lastKnownFileType = image.png; name = "Default-568h@2x.png"; path = "../Default-568h@2x.png"; sourceTree = "<group>"; };
/* End PBXFileReference section */

/* Begin PBXFrameworksBuildPhase section */
		E22354EB1600B65E00A3EEFC /* Frameworks */ = {
			isa = PBXFrameworksBuildPhase;
			buildActionMask = 2147483647;
			files = (
				E20F7C0D16866367001BF2C3 /* QuartzCore.framework in Frameworks */,
				E22354F31600B65E00A3EEFC /* UIKit.framework in Frameworks */,
				E22354F51600B65E00A3EEFC /* Foundation.framework in Frameworks */,
				E22354F71600B65E00A3EEFC /* CoreGraphics.framework in Frameworks */,
			);
			runOnlyForDeploymentPostprocessing = 0;
		};
/* End PBXFrameworksBuildPhase section */

/* Begin PBXGroup section */
		E22354E31600B65E00A3EEFC = {
			isa = PBXGroup;
			children = (
				E2DAC33916E7C0E8002BD487 /* Default-568h@2x.png */,
				E20F7C0C16866367001BF2C3 /* QuartzCore.framework */,
				E22354F81600B65E00A3EEFC /* FoursExample */,
				E22354F11600B65E00A3EEFC /* Frameworks */,
				E22354EF1600B65E00A3EEFC /* Products */,
			);
			sourceTree = "<group>";
		};
		E22354EF1600B65E00A3EEFC /* Products */ = {
			isa = PBXGroup;
			children = (
				E22354EE1600B65E00A3EEFC /* FoursExample.app */,
			);
			name = Products;
			sourceTree = "<group>";
		};
		E22354F11600B65E00A3EEFC /* Frameworks */ = {
			isa = PBXGroup;
			children = (
				E22354F21600B65E00A3EEFC /* UIKit.framework */,
				E22354F41600B65E00A3EEFC /* Foundation.framework */,
				E22354F61600B65E00A3EEFC /* CoreGraphics.framework */,
			);
			name = Frameworks;
			sourceTree = "<group>";
		};
		E22354F81600B65E00A3EEFC /* FoursExample */ = {
			isa = PBXGroup;
			children = (
				E22355091600B67200A3EEFC /* vendor */,
				E22355011600B65E00A3EEFC /* AppDelegate.h */,
				E22355021600B65E00A3EEFC /* AppDelegate.m */,
				E22354F91600B65E00A3EEFC /* Supporting Files */,
				E22355151600B9D900A3EEFC /* CenterViewController.h */,
				E22355161600B9D900A3EEFC /* CenterViewController.m */,
				E22355171600B9D900A3EEFC /* CenterViewController.xib */,
				E223551A1600B9E900A3EEFC /* SideViewController.h */,
				E223551B1600B9E900A3EEFC /* SideViewController.m */,
				E223551C1600B9E900A3EEFC /* SideViewController.xib */,
			);
			path = FoursExample;
			sourceTree = "<group>";
		};
		E22354F91600B65E00A3EEFC /* Supporting Files */ = {
			isa = PBXGroup;
			children = (
				E22354FA1600B65E00A3EEFC /* FoursExample-Info.plist */,
				E22354FB1600B65E00A3EEFC /* InfoPlist.strings */,
				E22354FE1600B65E00A3EEFC /* main.m */,
				E22355001600B65E00A3EEFC /* FoursExample-Prefix.pch */,
			);
			name = "Supporting Files";
			sourceTree = "<group>";
		};
		E22355091600B67200A3EEFC /* vendor */ = {
			isa = PBXGroup;
			children = (
				E223550A1600B68400A3EEFC /* ViewDeck */,
			);
			name = vendor;
			sourceTree = "<group>";
		};
		E223550A1600B68400A3EEFC /* ViewDeck */ = {
			isa = PBXGroup;
			children = (
				E223550B1600B68400A3EEFC /* IIViewDeckController.h */,
				E223550C1600B68400A3EEFC /* IIViewDeckController.m */,
				E0C300C5161A4EF30097213B /* IIWrapController.h */,
				E0C300C6161A4EF30097213B /* IIWrapController.m */,
			);
			name = ViewDeck;
			path = ../../ViewDeck;
			sourceTree = "<group>";
		};
/* End PBXGroup section */

/* Begin PBXNativeTarget section */
		E22354ED1600B65E00A3EEFC /* FoursExample */ = {
			isa = PBXNativeTarget;
			buildConfigurationList = E22355061600B65E00A3EEFC /* Build configuration list for PBXNativeTarget "FoursExample" */;
			buildPhases = (
				E22354EA1600B65E00A3EEFC /* Sources */,
				E22354EB1600B65E00A3EEFC /* Frameworks */,
				E22354EC1600B65E00A3EEFC /* Resources */,
			);
			buildRules = (
			);
			dependencies = (
			);
			name = FoursExample;
			productName = FoursExample;
			productReference = E22354EE1600B65E00A3EEFC /* FoursExample.app */;
			productType = "com.apple.product-type.application";
		};
/* End PBXNativeTarget section */

/* Begin PBXProject section */
		E22354E51600B65E00A3EEFC /* Project object */ = {
			isa = PBXProject;
			attributes = {
				LastUpgradeCheck = 0440;
				ORGANIZATIONNAME = "Interface Implemenation";
			};
			buildConfigurationList = E22354E81600B65E00A3EEFC /* Build configuration list for PBXProject "FoursExample" */;
			compatibilityVersion = "Xcode 3.2";
			developmentRegion = English;
			hasScannedForEncodings = 0;
			knownRegions = (
				en,
			);
			mainGroup = E22354E31600B65E00A3EEFC;
			productRefGroup = E22354EF1600B65E00A3EEFC /* Products */;
			projectDirPath = "";
			projectRoot = "";
			targets = (
				E22354ED1600B65E00A3EEFC /* FoursExample */,
			);
		};
/* End PBXProject section */

/* Begin PBXResourcesBuildPhase section */
		E22354EC1600B65E00A3EEFC /* Resources */ = {
			isa = PBXResourcesBuildPhase;
			buildActionMask = 2147483647;
			files = (
				E22354FD1600B65E00A3EEFC /* InfoPlist.strings in Resources */,
				E22355191600B9D900A3EEFC /* CenterViewController.xib in Resources */,
				E223551E1600B9E900A3EEFC /* SideViewController.xib in Resources */,
				E2DAC33A16E7C0E8002BD487 /* Default-568h@2x.png in Resources */,
			);
			runOnlyForDeploymentPostprocessing = 0;
		};
/* End PBXResourcesBuildPhase section */

/* Begin PBXSourcesBuildPhase section */
		E22354EA1600B65E00A3EEFC /* Sources */ = {
			isa = PBXSourcesBuildPhase;
			buildActionMask = 2147483647;
			files = (
				E22354FF1600B65E00A3EEFC /* main.m in Sources */,
				E22355031600B65E00A3EEFC /* AppDelegate.m in Sources */,
				E223550F1600B68400A3EEFC /* IIViewDeckController.m in Sources */,
				E22355181600B9D900A3EEFC /* CenterViewController.m in Sources */,
				E223551D1600B9E900A3EEFC /* SideViewController.m in Sources */,
			);
			runOnlyForDeploymentPostprocessing = 0;
		};
/* End PBXSourcesBuildPhase section */

/* Begin PBXVariantGroup section */
		E22354FB1600B65E00A3EEFC /* InfoPlist.strings */ = {
			isa = PBXVariantGroup;
			children = (
				E22354FC1600B65E00A3EEFC /* en */,
			);
			name = InfoPlist.strings;
			sourceTree = "<group>";
		};
/* End PBXVariantGroup section */

/* Begin XCBuildConfiguration section */
		E22355041600B65E00A3EEFC /* Debug */ = {
			isa = XCBuildConfiguration;
			buildSettings = {
				ALWAYS_SEARCH_USER_PATHS = NO;
				ARCHS = "$(ARCHS_STANDARD_32_BIT)";
				CLANG_CXX_LANGUAGE_STANDARD = "gnu++0x";
				CLANG_ENABLE_OBJC_ARC = YES;
				CLANG_WARN__DUPLICATE_METHOD_MATCH = YES;
				"CODE_SIGN_IDENTITY[sdk=iphoneos*]" = "iPhone Developer";
				COPY_PHASE_STRIP = NO;
				GCC_C_LANGUAGE_STANDARD = gnu99;
				GCC_DYNAMIC_NO_PIC = NO;
				GCC_OPTIMIZATION_LEVEL = 0;
				GCC_PREPROCESSOR_DEFINITIONS = (
					"DEBUG=1",
					"$(inherited)",
				);
				GCC_SYMBOLS_PRIVATE_EXTERN = NO;
				GCC_VERSION = com.apple.compilers.llvm.clang.1_0;
				GCC_WARN_ABOUT_RETURN_TYPE = YES;
				GCC_WARN_UNINITIALIZED_AUTOS = YES;
				GCC_WARN_UNUSED_VARIABLE = YES;
				IPHONEOS_DEPLOYMENT_TARGET = 5.1;
				SDKROOT = iphoneos;
			};
			name = Debug;
		};
		E22355051600B65E00A3EEFC /* Release */ = {
			isa = XCBuildConfiguration;
			buildSettings = {
				ALWAYS_SEARCH_USER_PATHS = NO;
				ARCHS = "$(ARCHS_STANDARD_32_BIT)";
				CLANG_CXX_LANGUAGE_STANDARD = "gnu++0x";
				CLANG_ENABLE_OBJC_ARC = YES;
				CLANG_WARN__DUPLICATE_METHOD_MATCH = YES;
				"CODE_SIGN_IDENTITY[sdk=iphoneos*]" = "iPhone Developer";
				COPY_PHASE_STRIP = YES;
				GCC_C_LANGUAGE_STANDARD = gnu99;
				GCC_VERSION = com.apple.compilers.llvm.clang.1_0;
				GCC_WARN_ABOUT_RETURN_TYPE = YES;
				GCC_WARN_UNINITIALIZED_AUTOS = YES;
				GCC_WARN_UNUSED_VARIABLE = YES;
				IPHONEOS_DEPLOYMENT_TARGET = 5.1;
				OTHER_CFLAGS = "-DNS_BLOCK_ASSERTIONS=1";
				SDKROOT = iphoneos;
				VALIDATE_PRODUCT = YES;
			};
			name = Release;
		};
		E22355071600B65E00A3EEFC /* Debug */ = {
			isa = XCBuildConfiguration;
			buildSettings = {
				GCC_PRECOMPILE_PREFIX_HEADER = YES;
				GCC_PREFIX_HEADER = "FoursExample/FoursExample-Prefix.pch";
				INFOPLIST_FILE = "FoursExample/FoursExample-Info.plist";
				IPHONEOS_DEPLOYMENT_TARGET = 5.0;
				PRODUCT_NAME = "$(TARGET_NAME)";
				WRAPPER_EXTENSION = app;
			};
			name = Debug;
		};
		E22355081600B65E00A3EEFC /* Release */ = {
			isa = XCBuildConfiguration;
			buildSettings = {
				GCC_PRECOMPILE_PREFIX_HEADER = YES;
				GCC_PREFIX_HEADER = "FoursExample/FoursExample-Prefix.pch";
				INFOPLIST_FILE = "FoursExample/FoursExample-Info.plist";
				IPHONEOS_DEPLOYMENT_TARGET = 5.0;
				PRODUCT_NAME = "$(TARGET_NAME)";
				WRAPPER_EXTENSION = app;
			};
			name = Release;
		};
/* End XCBuildConfiguration section */

/* Begin XCConfigurationList section */
		E22354E81600B65E00A3EEFC /* Build configuration list for PBXProject "FoursExample" */ = {
			isa = XCConfigurationList;
			buildConfigurations = (
				E22355041600B65E00A3EEFC /* Debug */,
				E22355051600B65E00A3EEFC /* Release */,
			);
			defaultConfigurationIsVisible = 0;
			defaultConfigurationName = Release;
		};
		E22355061600B65E00A3EEFC /* Build configuration list for PBXNativeTarget "FoursExample" */ = {
			isa = XCConfigurationList;
			buildConfigurations = (
				E22355071600B65E00A3EEFC /* Debug */,
				E22355081600B65E00A3EEFC /* Release */,
			);
			defaultConfigurationIsVisible = 0;
			defaultConfigurationName = Release;
		};
/* End XCConfigurationList section */
	};
	rootObject = E22354E51600B65E00A3EEFC /* Project object */;
}
