// !$*UTF8*$!
{
	archiveVersion = 1;
	classes = {
	};
	objectVersion = 46;
	objects = {

/* Begin PBXBuildFile section */
		E0C300D0161A508F0097213B /* IIWrapController.m in Sources */ = {isa = PBXBuildFile; fileRef = E0C300CF161A508F0097213B /* IIWrapController.m */; };
		E20F7C0F16866DF6001BF2C3 /* QuartzCore.framework in Frameworks */ = {isa = PBXBuildFile; fileRef = E20F7C0E16866DF6001BF2C3 /* QuartzCore.framework */; };
		E27E514B15726C9F009D90EB /* UIKit.framework in Frameworks */ = {isa = PBXBuildFile; fileRef = E27E514A15726C9F009D90EB /* UIKit.framework */; };
		E27E514D15726C9F009D90EB /* Foundation.framework in Frameworks */ = {isa = PBXBuildFile; fileRef = E27E514C15726C9F009D90EB /* Foundation.framework */; };
		E27E514F15726C9F009D90EB /* CoreGraphics.framework in Frameworks */ = {isa = PBXBuildFile; fileRef = E27E514E15726C9F009D90EB /* CoreGraphics.framework */; };
		E27E515515726C9F009D90EB /* InfoPlist.strings in Resources */ = {isa = PBXBuildFile; fileRef = E27E515315726C9F009D90EB /* InfoPlist.strings */; };
		E27E515715726C9F009D90EB /* main.m in Sources */ = {isa = PBXBuildFile; fileRef = E27E515615726C9F009D90EB /* main.m */; };
		E27E515B15726C9F009D90EB /* AppDelegate.m in Sources */ = {isa = PBXBuildFile; fileRef = E27E515A15726C9F009D90EB /* AppDelegate.m */; };
		E27E516715726CC1009D90EB /* IIViewDeckController.m in Sources */ = {isa = PBXBuildFile; fileRef = E27E516415726CC1009D90EB /* IIViewDeckController.m */; };
		E27E517015726FB3009D90EB /* StartViewController.m in Sources */ = {isa = PBXBuildFile; fileRef = E27E516E15726FB3009D90EB /* StartViewController.m */; };
		E27E517115726FB3009D90EB /* StartViewController.xib in Resources */ = {isa = PBXBuildFile; fileRef = E27E516F15726FB3009D90EB /* StartViewController.xib */; };
		E2CA7FA01576C4D300408061 /* CenterViewController.m in Sources */ = {isa = PBXBuildFile; fileRef = E2CA7F9E1576C4D300408061 /* CenterViewController.m */; };
		E2CA7FA11576C4D300408061 /* CenterViewController.xib in Resources */ = {isa = PBXBuildFile; fileRef = E2CA7F9F1576C4D300408061 /* CenterViewController.xib */; };
		E2CA7FA61576C4E300408061 /* LeftViewController.m in Sources */ = {isa = PBXBuildFile; fileRef = E2CA7FA41576C4E300408061 /* LeftViewController.m */; };
		E2CA7FA71576C4E300408061 /* LeftViewController.xib in Resources */ = {isa = PBXBuildFile; fileRef = E2CA7FA51576C4E300408061 /* LeftViewController.xib */; };
		E2CA7FB01576C50B00408061 /* RightViewController.m in Sources */ = {isa = PBXBuildFile; fileRef = E2CA7FAE1576C50B00408061 /* RightViewController.m */; };
		E2CA7FB11576C50B00408061 /* RightViewController.xib in Resources */ = {isa = PBXBuildFile; fileRef = E2CA7FAF1576C50B00408061 /* RightViewController.xib */; };
		E2CA7FB61576CCCE00408061 /* DeeperViewController.m in Sources */ = {isa = PBXBuildFile; fileRef = E2CA7FB41576CCCE00408061 /* DeeperViewController.m */; };
		E2CA7FB71576CCCE00408061 /* DeeperViewController.xib in Resources */ = {isa = PBXBuildFile; fileRef = E2CA7FB51576CCCE00408061 /* DeeperViewController.xib */; };
		E2CA7FBF1576DEFD00408061 /* MessageUI.framework in Frameworks */ = {isa = PBXBuildFile; fileRef = E2CA7FBE1576DEFD00408061 /* MessageUI.framework */; };
		E2DAC32E16E7BF91002BD487 /* Default-568h@2x.png in Resources */ = {isa = PBXBuildFile; fileRef = E2DAC32D16E7BF91002BD487 /* Default-568h@2x.png */; };
/* End PBXBuildFile section */

/* Begin PBXFileReference section */
		E0C300CE161A508F0097213B /* IIWrapController.h */ = {isa = PBXFileReference; fileEncoding = 4; lastKnownFileType = sourcecode.c.h; path = IIWrapController.h; sourceTree = "<group>"; };
		E0C300CF161A508F0097213B /* IIWrapController.m */ = {isa = PBXFileReference; fileEncoding = 4; lastKnownFileType = sourcecode.c.objc; path = IIWrapController.m; sourceTree = "<group>"; };
		E20F7C0E16866DF6001BF2C3 /* QuartzCore.framework */ = {isa = PBXFileReference; lastKnownFileType = wrapper.framework; name = QuartzCore.framework; path = System/Library/Frameworks/QuartzCore.framework; sourceTree = SDKROOT; };
		E27E514615726C9F009D90EB /* NavigationExample.app */ = {isa = PBXFileReference; explicitFileType = wrapper.application; includeInIndex = 0; path = NavigationExample.app; sourceTree = BUILT_PRODUCTS_DIR; };
		E27E514A15726C9F009D90EB /* UIKit.framework */ = {isa = PBXFileReference; lastKnownFileType = wrapper.framework; name = UIKit.framework; path = System/Library/Frameworks/UIKit.framework; sourceTree = SDKROOT; };
		E27E514C15726C9F009D90EB /* Foundation.framework */ = {isa = PBXFileReference; lastKnownFileType = wrapper.framework; name = Foundation.framework; path = System/Library/Frameworks/Foundation.framework; sourceTree = SDKROOT; };
		E27E514E15726C9F009D90EB /* CoreGraphics.framework */ = {isa = PBXFileReference; lastKnownFileType = wrapper.framework; name = CoreGraphics.framework; path = System/Library/Frameworks/CoreGraphics.framework; sourceTree = SDKROOT; };
		E27E515215726C9F009D90EB /* NavigationExample-Info.plist */ = {isa = PBXFileReference; lastKnownFileType = text.plist.xml; path = "NavigationExample-Info.plist"; sourceTree = "<group>"; };
		E27E515415726C9F009D90EB /* en */ = {isa = PBXFileReference; lastKnownFileType = text.plist.strings; name = en; path = en.lproj/InfoPlist.strings; sourceTree = "<group>"; };
		E27E515615726C9F009D90EB /* main.m */ = {isa = PBXFileReference; lastKnownFileType = sourcecode.c.objc; path = main.m; sourceTree = "<group>"; };
		E27E515815726C9F009D90EB /* NavigationExample-Prefix.pch */ = {isa = PBXFileReference; lastKnownFileType = sourcecode.c.h; path = "NavigationExample-Prefix.pch"; sourceTree = "<group>"; };
		E27E515915726C9F009D90EB /* AppDelegate.h */ = {isa = PBXFileReference; lastKnownFileType = sourcecode.c.h; path = AppDelegate.h; sourceTree = "<group>"; };
		E27E515A15726C9F009D90EB /* AppDelegate.m */ = {isa = PBXFileReference; lastKnownFileType = sourcecode.c.objc; path = AppDelegate.m; sourceTree = "<group>"; };
		E27E516315726CC1009D90EB /* IIViewDeckController.h */ = {isa = PBXFileReference; fileEncoding = 4; lastKnownFileType = sourcecode.c.h; path = IIViewDeckController.h; sourceTree = "<group>"; };
		E27E516415726CC1009D90EB /* IIViewDeckController.m */ = {isa = PBXFileReference; fileEncoding = 4; lastKnownFileType = sourcecode.c.objc; path = IIViewDeckController.m; sourceTree = "<group>"; };
		E27E516D15726FB3009D90EB /* StartViewController.h */ = {isa = PBXFileReference; fileEncoding = 4; lastKnownFileType = sourcecode.c.h; path = StartViewController.h; sourceTree = "<group>"; };
		E27E516E15726FB3009D90EB /* StartViewController.m */ = {isa = PBXFileReference; fileEncoding = 4; lastKnownFileType = sourcecode.c.objc; path = StartViewController.m; sourceTree = "<group>"; };
		E27E516F15726FB3009D90EB /* StartViewController.xib */ = {isa = PBXFileReference; fileEncoding = 4; lastKnownFileType = file.xib; path = StartViewController.xib; sourceTree = "<group>"; };
		E2CA7F9D1576C4D300408061 /* CenterViewController.h */ = {isa = PBXFileReference; fileEncoding = 4; lastKnownFileType = sourcecode.c.h; path = CenterViewController.h; sourceTree = "<group>"; };
		E2CA7F9E1576C4D300408061 /* CenterViewController.m */ = {isa = PBXFileReference; fileEncoding = 4; lastKnownFileType = sourcecode.c.objc; path = CenterViewController.m; sourceTree = "<group>"; };
		E2CA7F9F1576C4D300408061 /* CenterViewController.xib */ = {isa = PBXFileReference; fileEncoding = 4; lastKnownFileType = file.xib; path = CenterViewController.xib; sourceTree = "<group>"; };
		E2CA7FA31576C4E300408061 /* LeftViewController.h */ = {isa = PBXFileReference; fileEncoding = 4; lastKnownFileType = sourcecode.c.h; path = LeftViewController.h; sourceTree = "<group>"; };
		E2CA7FA41576C4E300408061 /* LeftViewController.m */ = {isa = PBXFileReference; fileEncoding = 4; lastKnownFileType = sourcecode.c.objc; path = LeftViewController.m; sourceTree = "<group>"; };
		E2CA7FA51576C4E300408061 /* LeftViewController.xib */ = {isa = PBXFileReference; fileEncoding = 4; lastKnownFileType = file.xib; path = LeftViewController.xib; sourceTree = "<group>"; };
		E2CA7FAD1576C50B00408061 /* RightViewController.h */ = {isa = PBXFileReference; fileEncoding = 4; lastKnownFileType = sourcecode.c.h; path = RightViewController.h; sourceTree = "<group>"; };
		E2CA7FAE1576C50B00408061 /* RightViewController.m */ = {isa = PBXFileReference; fileEncoding = 4; lastKnownFileType = sourcecode.c.objc; path = RightViewController.m; sourceTree = "<group>"; };
		E2CA7FAF1576C50B00408061 /* RightViewController.xib */ = {isa = PBXFileReference; fileEncoding = 4; lastKnownFileType = file.xib; path = RightViewController.xib; sourceTree = "<group>"; };
		E2CA7FB31576CCCE00408061 /* DeeperViewController.h */ = {isa = PBXFileReference; fileEncoding = 4; lastKnownFileType = sourcecode.c.h; path = DeeperViewController.h; sourceTree = "<group>"; };
		E2CA7FB41576CCCE00408061 /* DeeperViewController.m */ = {isa = PBXFileReference; fileEncoding = 4; lastKnownFileType = sourcecode.c.objc; path = DeeperViewController.m; sourceTree = "<group>"; };
		E2CA7FB51576CCCE00408061 /* DeeperViewController.xib */ = {isa = PBXFileReference; fileEncoding = 4; lastKnownFileType = file.xib; path = DeeperViewController.xib; sourceTree = "<group>"; };
		E2CA7FBE1576DEFD00408061 /* MessageUI.framework */ = {isa = PBXFileReference; lastKnownFileType = wrapper.framework; name = MessageUI.framework; path = System/Library/Frameworks/MessageUI.framework; sourceTree = SDKROOT; };
		E2DAC32D16E7BF91002BD487 /* Default-568h@2x.png */ = {isa = PBXFileReference; lastKnownFileType = image.png; name = "Default-568h@2x.png"; path = "../Default-568h@2x.png"; sourceTree = "<group>"; };
/* End PBXFileReference section */

/* Begin PBXFrameworksBuildPhase section */
		E27E514315726C9F009D90EB /* Frameworks */ = {
			isa = PBXFrameworksBuildPhase;
			buildActionMask = 2147483647;
			files = (
				E20F7C0F16866DF6001BF2C3 /* QuartzCore.framework in Frameworks */,
				E2CA7FBF1576DEFD00408061 /* MessageUI.framework in Frameworks */,
				E27E514B15726C9F009D90EB /* UIKit.framework in Frameworks */,
				E27E514D15726C9F009D90EB /* Foundation.framework in Frameworks */,
				E27E514F15726C9F009D90EB /* CoreGraphics.framework in Frameworks */,
			);
			runOnlyForDeploymentPostprocessing = 0;
		};
/* End PBXFrameworksBuildPhase section */

/* Begin PBXGroup section */
		E27E513B15726C9F009D90EB = {
			isa = PBXGroup;
			children = (
				E2DAC32D16E7BF91002BD487 /* Default-568h@2x.png */,
				E20F7C0E16866DF6001BF2C3 /* QuartzCore.framework */,
				E27E515015726C9F009D90EB /* NavigationExample */,
				E27E514915726C9F009D90EB /* Frameworks */,
				E27E514715726C9F009D90EB /* Products */,
			);
			sourceTree = "<group>";
		};
		E27E514715726C9F009D90EB /* Products */ = {
			isa = PBXGroup;
			children = (
				E27E514615726C9F009D90EB /* NavigationExample.app */,
			);
			name = Products;
			sourceTree = "<group>";
		};
		E27E514915726C9F009D90EB /* Frameworks */ = {
			isa = PBXGroup;
			children = (
				E2CA7FBE1576DEFD00408061 /* MessageUI.framework */,
				E27E514A15726C9F009D90EB /* UIKit.framework */,
				E27E514C15726C9F009D90EB /* Foundation.framework */,
				E27E514E15726C9F009D90EB /* CoreGraphics.framework */,
			);
			name = Frameworks;
			sourceTree = "<group>";
		};
		E27E515015726C9F009D90EB /* NavigationExample */ = {
			isa = PBXGroup;
			children = (
				E27E516115726CA7009D90EB /* Vendor */,
				E27E515915726C9F009D90EB /* AppDelegate.h */,
				E27E515A15726C9F009D90EB /* AppDelegate.m */,
				E27E515115726C9F009D90EB /* Supporting Files */,
				E27E516D15726FB3009D90EB /* StartViewController.h */,
				E27E516E15726FB3009D90EB /* StartViewController.m */,
				E27E516F15726FB3009D90EB /* StartViewController.xib */,
				E2CA7F9D1576C4D300408061 /* CenterViewController.h */,
				E2CA7F9E1576C4D300408061 /* CenterViewController.m */,
				E2CA7F9F1576C4D300408061 /* CenterViewController.xib */,
				E2CA7FA31576C4E300408061 /* LeftViewController.h */,
				E2CA7FA41576C4E300408061 /* LeftViewController.m */,
				E2CA7FA51576C4E300408061 /* LeftViewController.xib */,
				E2CA7FB31576CCCE00408061 /* DeeperViewController.h */,
				E2CA7FB41576CCCE00408061 /* DeeperViewController.m */,
				E2CA7FB51576CCCE00408061 /* DeeperViewController.xib */,
				E2CA7FAD1576C50B00408061 /* RightViewController.h */,
				E2CA7FAE1576C50B00408061 /* RightViewController.m */,
				E2CA7FAF1576C50B00408061 /* RightViewController.xib */,
			);
			path = NavigationExample;
			sourceTree = "<group>";
		};
		E27E515115726C9F009D90EB /* Supporting Files */ = {
			isa = PBXGroup;
			children = (
				E27E515215726C9F009D90EB /* NavigationExample-Info.plist */,
				E27E515315726C9F009D90EB /* InfoPlist.strings */,
				E27E515615726C9F009D90EB /* main.m */,
				E27E515815726C9F009D90EB /* NavigationExample-Prefix.pch */,
			);
			name = "Supporting Files";
			sourceTree = "<group>";
		};
		E27E516115726CA7009D90EB /* Vendor */ = {
			isa = PBXGroup;
			children = (
				E27E516215726CC1009D90EB /* ViewDeck */,
			);
			name = Vendor;
			path = ..;
			sourceTree = "<group>";
		};
		E27E516215726CC1009D90EB /* ViewDeck */ = {
			isa = PBXGroup;
			children = (
				E27E516315726CC1009D90EB /* IIViewDeckController.h */,
				E27E516415726CC1009D90EB /* IIViewDeckController.m */,
				E0C300CE161A508F0097213B /* IIWrapController.h */,
				E0C300CF161A508F0097213B /* IIWrapController.m */,
			);
			name = ViewDeck;
			path = ../ViewDeck;
			sourceTree = "<group>";
		};
/* End PBXGroup section */

/* Begin PBXNativeTarget section */
		E27E514515726C9F009D90EB /* NavigationExample */ = {
			isa = PBXNativeTarget;
			buildConfigurationList = E27E515E15726C9F009D90EB /* Build configuration list for PBXNativeTarget "NavigationExample" */;
			buildPhases = (
				E27E514215726C9F009D90EB /* Sources */,
				E27E514315726C9F009D90EB /* Frameworks */,
				E27E514415726C9F009D90EB /* Resources */,
			);
			buildRules = (
			);
			dependencies = (
			);
			name = NavigationExample;
			productName = NavigationExample;
			productReference = E27E514615726C9F009D90EB /* NavigationExample.app */;
			productType = "com.apple.product-type.application";
		};
/* End PBXNativeTarget section */

/* Begin PBXProject section */
		E27E513D15726C9F009D90EB /* Project object */ = {
			isa = PBXProject;
			attributes = {
				LastUpgradeCheck = 0430;
				ORGANIZATIONNAME = "Adriaenssen BVBA, 10to1";
			};
			buildConfigurationList = E27E514015726C9F009D90EB /* Build configuration list for PBXProject "NavigationExample" */;
			compatibilityVersion = "Xcode 3.2";
			developmentRegion = English;
			hasScannedForEncodings = 0;
			knownRegions = (
				en,
			);
			mainGroup = E27E513B15726C9F009D90EB;
			productRefGroup = E27E514715726C9F009D90EB /* Products */;
			projectDirPath = "";
			projectRoot = "";
			targets = (
				E27E514515726C9F009D90EB /* NavigationExample */,
			);
		};
/* End PBXProject section */

/* Begin PBXResourcesBuildPhase section */
		E27E514415726C9F009D90EB /* Resources */ = {
			isa = PBXResourcesBuildPhase;
			buildActionMask = 2147483647;
			files = (
				E27E515515726C9F009D90EB /* InfoPlist.strings in Resources */,
				E27E517115726FB3009D90EB /* StartViewController.xib in Resources */,
				E2CA7FA11576C4D300408061 /* CenterViewController.xib in Resources */,
				E2CA7FA71576C4E300408061 /* LeftViewController.xib in Resources */,
				E2CA7FB11576C50B00408061 /* RightViewController.xib in Resources */,
				E2CA7FB71576CCCE00408061 /* DeeperViewController.xib in Resources */,
				E2DAC32E16E7BF91002BD487 /* Default-568h@2x.png in Resources */,
			);
			runOnlyForDeploymentPostprocessing = 0;
		};
/* End PBXResourcesBuildPhase section */

/* Begin PBXSourcesBuildPhase section */
		E27E514215726C9F009D90EB /* Sources */ = {
			isa = PBXSourcesBuildPhase;
			buildActionMask = 2147483647;
			files = (
				E27E515715726C9F009D90EB /* main.m in Sources */,
				E27E515B15726C9F009D90EB /* AppDelegate.m in Sources */,
				E27E516715726CC1009D90EB /* IIViewDeckController.m in Sources */,
				E27E517015726FB3009D90EB /* StartViewController.m in Sources */,
				E2CA7FA01576C4D300408061 /* CenterViewController.m in Sources */,
				E2CA7FA61576C4E300408061 /* LeftViewController.m in Sources */,
				E2CA7FB01576C50B00408061 /* RightViewController.m in Sources */,
				E2CA7FB61576CCCE00408061 /* DeeperViewController.m in Sources */,
				E0C300D0161A508F0097213B /* IIWrapController.m in Sources */,
			);
			runOnlyForDeploymentPostprocessing = 0;
		};
/* End PBXSourcesBuildPhase section */

/* Begin PBXVariantGroup section */
		E27E515315726C9F009D90EB /* InfoPlist.strings */ = {
			isa = PBXVariantGroup;
			children = (
				E27E515415726C9F009D90EB /* en */,
			);
			name = InfoPlist.strings;
			sourceTree = "<group>";
		};
/* End PBXVariantGroup section */

/* Begin XCBuildConfiguration section */
		E27E515C15726C9F009D90EB /* Debug */ = {
			isa = XCBuildConfiguration;
			buildSettings = {
				ALWAYS_SEARCH_USER_PATHS = NO;
				ARCHS = "$(ARCHS_STANDARD_32_BIT)";
				CLANG_ENABLE_OBJC_ARC = YES;
				"CODE_SIGN_IDENTITY[sdk=iphoneos*]" = "iPhone Developer";
				COPY_PHASE_STRIP = NO;
				GCC_C_LANGUAGE_STANDARD = gnu99;
				GCC_DYNAMIC_NO_PIC = NO;
				GCC_OPTIMIZATION_LEVEL = 0;
				GCC_PREPROCESSOR_DEFINITIONS = (
					"DEBUG=1",
					"$(inherited)",
				);
				GCC_SYMBOLS_PRIVATE_EXTERN = NO;
				GCC_VERSION = com.apple.compilers.llvm.clang.1_0;
				GCC_WARN_ABOUT_RETURN_TYPE = YES;
				GCC_WARN_UNINITIALIZED_AUTOS = YES;
				GCC_WARN_UNUSED_VARIABLE = YES;
				IPHONEOS_DEPLOYMENT_TARGET = 5.1;
				SDKROOT = iphoneos;
			};
			name = Debug;
		};
		E27E515D15726C9F009D90EB /* Release */ = {
			isa = XCBuildConfiguration;
			buildSettings = {
				ALWAYS_SEARCH_USER_PATHS = NO;
				ARCHS = "$(ARCHS_STANDARD_32_BIT)";
				CLANG_ENABLE_OBJC_ARC = YES;
				"CODE_SIGN_IDENTITY[sdk=iphoneos*]" = "iPhone Developer";
				COPY_PHASE_STRIP = YES;
				GCC_C_LANGUAGE_STANDARD = gnu99;
				GCC_VERSION = com.apple.compilers.llvm.clang.1_0;
				GCC_WARN_ABOUT_RETURN_TYPE = YES;
				GCC_WARN_UNINITIALIZED_AUTOS = YES;
				GCC_WARN_UNUSED_VARIABLE = YES;
				IPHONEOS_DEPLOYMENT_TARGET = 5.1;
				OTHER_CFLAGS = "-DNS_BLOCK_ASSERTIONS=1";
				SDKROOT = iphoneos;
				VALIDATE_PRODUCT = YES;
			};
			name = Release;
		};
		E27E515F15726C9F009D90EB /* Debug */ = {
			isa = XCBuildConfiguration;
			buildSettings = {
				GCC_PRECOMPILE_PREFIX_HEADER = YES;
				GCC_PREFIX_HEADER = "NavigationExample/NavigationExample-Prefix.pch";
				INFOPLIST_FILE = "NavigationExample/NavigationExample-Info.plist";
				PRODUCT_NAME = "$(TARGET_NAME)";
				WRAPPER_EXTENSION = app;
			};
			name = Debug;
		};
		E27E516015726C9F009D90EB /* Release */ = {
			isa = XCBuildConfiguration;
			buildSettings = {
				GCC_PRECOMPILE_PREFIX_HEADER = YES;
				GCC_PREFIX_HEADER = "NavigationExample/NavigationExample-Prefix.pch";
				INFOPLIST_FILE = "NavigationExample/NavigationExample-Info.plist";
				PRODUCT_NAME = "$(TARGET_NAME)";
				WRAPPER_EXTENSION = app;
			};
			name = Release;
		};
/* End XCBuildConfiguration section */

/* Begin XCConfigurationList section */
		E27E514015726C9F009D90EB /* Build configuration list for PBXProject "NavigationExample" */ = {
			isa = XCConfigurationList;
			buildConfigurations = (
				E27E515C15726C9F009D90EB /* Debug */,
				E27E515D15726C9F009D90EB /* Release */,
			);
			defaultConfigurationIsVisible = 0;
			defaultConfigurationName = Release;
		};
		E27E515E15726C9F009D90EB /* Build configuration list for PBXNativeTarget "NavigationExample" */ = {
			isa = XCConfigurationList;
			buildConfigurations = (
				E27E515F15726C9F009D90EB /* Debug */,
				E27E516015726C9F009D90EB /* Release */,
			);
			defaultConfigurationIsVisible = 0;
			defaultConfigurationName = Release;
		};
/* End XCConfigurationList section */
	};
	rootObject = E27E513D15726C9F009D90EB /* Project object */;
}
