// !$*UTF8*$!
{
	archiveVersion = 1;
	classes = {
	};
	objectVersion = 46;
	objects = {

/* Begin PBXBuildFile section */
		E0C300D8161A50F50097213B /* IIWrapController.m in Sources */ = {isa = PBXBuildFile; fileRef = E0C300D7161A50F50097213B /* IIWrapController.m */; };
		E20D4B2B14DB53B1007A33CB /* UIKit.framework in Frameworks */ = {isa = PBXBuildFile; fileRef = E20D4B2A14DB53B1007A33CB /* UIKit.framework */; };
		E20D4B2D14DB53B1007A33CB /* Foundation.framework in Frameworks */ = {isa = PBXBuildFile; fileRef = E20D4B2C14DB53B1007A33CB /* Foundation.framework */; };
		E20D4B2F14DB53B1007A33CB /* CoreGraphics.framework in Frameworks */ = {isa = PBXBuildFile; fileRef = E20D4B2E14DB53B1007A33CB /* CoreGraphics.framework */; };
		E20D4B3514DB53B1007A33CB /* InfoPlist.strings in Resources */ = {isa = PBXBuildFile; fileRef = E20D4B3314DB53B1007A33CB /* InfoPlist.strings */; };
		E20D4B3714DB53B1007A33CB /* main.m in Sources */ = {isa = PBXBuildFile; fileRef = E20D4B3614DB53B1007A33CB /* main.m */; };
		E20D4B3B14DB53B1007A33CB /* AppDelegate.m in Sources */ = {isa = PBXBuildFile; fileRef = E20D4B3A14DB53B1007A33CB /* AppDelegate.m */; };
		E20D4B3E14DB53B1007A33CB /* FirstViewController.m in Sources */ = {isa = PBXBuildFile; fileRef = E20D4B3D14DB53B1007A33CB /* FirstViewController.m */; };
		E20D4B4014DB53B1007A33CB /* first.png in Resources */ = {isa = PBXBuildFile; fileRef = E20D4B3F14DB53B1007A33CB /* first.png */; };
		E20D4B4214DB53B1007A33CB /* first@2x.png in Resources */ = {isa = PBXBuildFile; fileRef = E20D4B4114DB53B1007A33CB /* first@2x.png */; };
		E20D4B4514DB53B1007A33CB /* SecondViewController.m in Sources */ = {isa = PBXBuildFile; fileRef = E20D4B4414DB53B1007A33CB /* SecondViewController.m */; };
		E20D4B4714DB53B1007A33CB /* second.png in Resources */ = {isa = PBXBuildFile; fileRef = E20D4B4614DB53B1007A33CB /* second.png */; };
		E20D4B4914DB53B1007A33CB /* second@2x.png in Resources */ = {isa = PBXBuildFile; fileRef = E20D4B4814DB53B1007A33CB /* second@2x.png */; };
		E20D4B4C14DB53B1007A33CB /* FirstViewController.xib in Resources */ = {isa = PBXBuildFile; fileRef = E20D4B4A14DB53B1007A33CB /* FirstViewController.xib */; };
		E20D4B4F14DB53B1007A33CB /* SecondViewController.xib in Resources */ = {isa = PBXBuildFile; fileRef = E20D4B4D14DB53B1007A33CB /* SecondViewController.xib */; };
		E20D4B5B14DB5486007A33CB /* IIViewDeckController.m in Sources */ = {isa = PBXBuildFile; fileRef = E20D4B5814DB5486007A33CB /* IIViewDeckController.m */; };
		E20D4B6014DB5538007A33CB /* SelectorController.m in Sources */ = {isa = PBXBuildFile; fileRef = E20D4B5E14DB5538007A33CB /* SelectorController.m */; };
		E20D4B6114DB5538007A33CB /* SelectorController.xib in Resources */ = {isa = PBXBuildFile; fileRef = E20D4B5F14DB5538007A33CB /* SelectorController.xib */; };
		E20D4B6514DB5F9F007A33CB /* ThirdViewController.m in Sources */ = {isa = PBXBuildFile; fileRef = E20D4B6314DB5F9F007A33CB /* ThirdViewController.m */; };
		E20D4B6614DB5F9F007A33CB /* ThirdViewController.xib in Resources */ = {isa = PBXBuildFile; fileRef = E20D4B6414DB5F9F007A33CB /* ThirdViewController.xib */; };
		E20D4B6A14DB5FCC007A33CB /* FourthViewController.m in Sources */ = {isa = PBXBuildFile; fileRef = E20D4B6814DB5FCC007A33CB /* FourthViewController.m */; };
		E20D4B6B14DB5FCC007A33CB /* FourthViewController.xib in Resources */ = {isa = PBXBuildFile; fileRef = E20D4B6914DB5FCC007A33CB /* FourthViewController.xib */; };
		E20D4B6F14DB5FE2007A33CB /* FifthViewController.m in Sources */ = {isa = PBXBuildFile; fileRef = E20D4B6D14DB5FE2007A33CB /* FifthViewController.m */; };
		E20D4B7014DB5FE2007A33CB /* FifthViewController.xib in Resources */ = {isa = PBXBuildFile; fileRef = E20D4B6E14DB5FE2007A33CB /* FifthViewController.xib */; };
		E20D4B7214DB61CB007A33CB /* MapKit.framework in Frameworks */ = {isa = PBXBuildFile; fileRef = E20D4B7114DB61CA007A33CB /* MapKit.framework */; };
		E20F7C1316866E6F001BF2C3 /* QuartzCore.framework in Frameworks */ = {isa = PBXBuildFile; fileRef = E20F7C1216866E6F001BF2C3 /* QuartzCore.framework */; };
		E2DAC33816E7C0D5002BD487 /* Default-568h@2x.png in Resources */ = {isa = PBXBuildFile; fileRef = E2DAC33716E7C0D5002BD487 /* Default-568h@2x.png */; };
		E2F8EF59155BFE680094948B /* contacts.png in Resources */ = {isa = PBXBuildFile; fileRef = E2F8EF58155BFE680094948B /* contacts.png */; };
/* End PBXBuildFile section */

/* Begin PBXFileReference section */
		E0C300D6161A50F50097213B /* IIWrapController.h */ = {isa = PBXFileReference; fileEncoding = 4; lastKnownFileType = sourcecode.c.h; path = IIWrapController.h; sourceTree = "<group>"; };
		E0C300D7161A50F50097213B /* IIWrapController.m */ = {isa = PBXFileReference; fileEncoding = 4; lastKnownFileType = sourcecode.c.objc; path = IIWrapController.m; sourceTree = "<group>"; };
		E20D4B2614DB53B1007A33CB /* TabbedExample.app */ = {isa = PBXFileReference; explicitFileType = wrapper.application; includeInIndex = 0; path = TabbedExample.app; sourceTree = BUILT_PRODUCTS_DIR; };
		E20D4B2A14DB53B1007A33CB /* UIKit.framework */ = {isa = PBXFileReference; lastKnownFileType = wrapper.framework; name = UIKit.framework; path = System/Library/Frameworks/UIKit.framework; sourceTree = SDKROOT; };
		E20D4B2C14DB53B1007A33CB /* Foundation.framework */ = {isa = PBXFileReference; lastKnownFileType = wrapper.framework; name = Foundation.framework; path = System/Library/Frameworks/Foundation.framework; sourceTree = SDKROOT; };
		E20D4B2E14DB53B1007A33CB /* CoreGraphics.framework */ = {isa = PBXFileReference; lastKnownFileType = wrapper.framework; name = CoreGraphics.framework; path = System/Library/Frameworks/CoreGraphics.framework; sourceTree = SDKROOT; };
		E20D4B3214DB53B1007A33CB /* TabbedExample-Info.plist */ = {isa = PBXFileReference; lastKnownFileType = text.plist.xml; path = "TabbedExample-Info.plist"; sourceTree = "<group>"; };
		E20D4B3414DB53B1007A33CB /* en */ = {isa = PBXFileReference; lastKnownFileType = text.plist.strings; name = en; path = en.lproj/InfoPlist.strings; sourceTree = "<group>"; };
		E20D4B3614DB53B1007A33CB /* main.m */ = {isa = PBXFileReference; lastKnownFileType = sourcecode.c.objc; path = main.m; sourceTree = "<group>"; };
		E20D4B3814DB53B1007A33CB /* TabbedExample-Prefix.pch */ = {isa = PBXFileReference; lastKnownFileType = sourcecode.c.h; path = "TabbedExample-Prefix.pch"; sourceTree = "<group>"; };
		E20D4B3914DB53B1007A33CB /* AppDelegate.h */ = {isa = PBXFileReference; lastKnownFileType = sourcecode.c.h; path = AppDelegate.h; sourceTree = "<group>"; };
		E20D4B3A14DB53B1007A33CB /* AppDelegate.m */ = {isa = PBXFileReference; lastKnownFileType = sourcecode.c.objc; path = AppDelegate.m; sourceTree = "<group>"; };
		E20D4B3C14DB53B1007A33CB /* FirstViewController.h */ = {isa = PBXFileReference; lastKnownFileType = sourcecode.c.h; path = FirstViewController.h; sourceTree = "<group>"; };
		E20D4B3D14DB53B1007A33CB /* FirstViewController.m */ = {isa = PBXFileReference; lastKnownFileType = sourcecode.c.objc; path = FirstViewController.m; sourceTree = "<group>"; };
		E20D4B3F14DB53B1007A33CB /* first.png */ = {isa = PBXFileReference; lastKnownFileType = image.png; path = first.png; sourceTree = "<group>"; };
		E20D4B4114DB53B1007A33CB /* first@2x.png */ = {isa = PBXFileReference; lastKnownFileType = image.png; path = "first@2x.png"; sourceTree = "<group>"; };
		E20D4B4314DB53B1007A33CB /* SecondViewController.h */ = {isa = PBXFileReference; lastKnownFileType = sourcecode.c.h; path = SecondViewController.h; sourceTree = "<group>"; };
		E20D4B4414DB53B1007A33CB /* SecondViewController.m */ = {isa = PBXFileReference; lastKnownFileType = sourcecode.c.objc; path = SecondViewController.m; sourceTree = "<group>"; };
		E20D4B4614DB53B1007A33CB /* second.png */ = {isa = PBXFileReference; lastKnownFileType = image.png; path = second.png; sourceTree = "<group>"; };
		E20D4B4814DB53B1007A33CB /* second@2x.png */ = {isa = PBXFileReference; lastKnownFileType = image.png; path = "second@2x.png"; sourceTree = "<group>"; };
		E20D4B4B14DB53B1007A33CB /* en */ = {isa = PBXFileReference; lastKnownFileType = file.xib; name = en; path = en.lproj/FirstViewController.xib; sourceTree = "<group>"; };
		E20D4B4E14DB53B1007A33CB /* en */ = {isa = PBXFileReference; lastKnownFileType = file.xib; name = en; path = en.lproj/SecondViewController.xib; sourceTree = "<group>"; };
		E20D4B5714DB5486007A33CB /* IIViewDeckController.h */ = {isa = PBXFileReference; fileEncoding = 4; lastKnownFileType = sourcecode.c.h; path = IIViewDeckController.h; sourceTree = "<group>"; };
		E20D4B5814DB5486007A33CB /* IIViewDeckController.m */ = {isa = PBXFileReference; fileEncoding = 4; lastKnownFileType = sourcecode.c.objc; path = IIViewDeckController.m; sourceTree = "<group>"; };
		E20D4B5D14DB5538007A33CB /* SelectorController.h */ = {isa = PBXFileReference; fileEncoding = 4; lastKnownFileType = sourcecode.c.h; path = SelectorController.h; sourceTree = "<group>"; };
		E20D4B5E14DB5538007A33CB /* SelectorController.m */ = {isa = PBXFileReference; fileEncoding = 4; lastKnownFileType = sourcecode.c.objc; path = SelectorController.m; sourceTree = "<group>"; };
		E20D4B5F14DB5538007A33CB /* SelectorController.xib */ = {isa = PBXFileReference; fileEncoding = 4; lastKnownFileType = file.xib; path = SelectorController.xib; sourceTree = "<group>"; };
		E20D4B6214DB5F9F007A33CB /* ThirdViewController.h */ = {isa = PBXFileReference; fileEncoding = 4; lastKnownFileType = sourcecode.c.h; path = ThirdViewController.h; sourceTree = "<group>"; };
		E20D4B6314DB5F9F007A33CB /* ThirdViewController.m */ = {isa = PBXFileReference; fileEncoding = 4; lastKnownFileType = sourcecode.c.objc; path = ThirdViewController.m; sourceTree = "<group>"; };
		E20D4B6414DB5F9F007A33CB /* ThirdViewController.xib */ = {isa = PBXFileReference; fileEncoding = 4; lastKnownFileType = file.xib; path = ThirdViewController.xib; sourceTree = "<group>"; };
		E20D4B6714DB5FCC007A33CB /* FourthViewController.h */ = {isa = PBXFileReference; fileEncoding = 4; lastKnownFileType = sourcecode.c.h; path = FourthViewController.h; sourceTree = "<group>"; };
		E20D4B6814DB5FCC007A33CB /* FourthViewController.m */ = {isa = PBXFileReference; fileEncoding = 4; lastKnownFileType = sourcecode.c.objc; path = FourthViewController.m; sourceTree = "<group>"; };
		E20D4B6914DB5FCC007A33CB /* FourthViewController.xib */ = {isa = PBXFileReference; fileEncoding = 4; lastKnownFileType = file.xib; path = FourthViewController.xib; sourceTree = "<group>"; };
		E20D4B6C14DB5FE2007A33CB /* FifthViewController.h */ = {isa = PBXFileReference; fileEncoding = 4; lastKnownFileType = sourcecode.c.h; path = FifthViewController.h; sourceTree = "<group>"; };
		E20D4B6D14DB5FE2007A33CB /* FifthViewController.m */ = {isa = PBXFileReference; fileEncoding = 4; lastKnownFileType = sourcecode.c.objc; path = FifthViewController.m; sourceTree = "<group>"; };
		E20D4B6E14DB5FE2007A33CB /* FifthViewController.xib */ = {isa = PBXFileReference; fileEncoding = 4; lastKnownFileType = file.xib; path = FifthViewController.xib; sourceTree = "<group>"; };
		E20D4B7114DB61CA007A33CB /* MapKit.framework */ = {isa = PBXFileReference; lastKnownFileType = wrapper.framework; name = MapKit.framework; path = System/Library/Frameworks/MapKit.framework; sourceTree = SDKROOT; };
		E20F7C1216866E6F001BF2C3 /* QuartzCore.framework */ = {isa = PBXFileReference; lastKnownFileType = wrapper.framework; name = QuartzCore.framework; path = System/Library/Frameworks/QuartzCore.framework; sourceTree = SDKROOT; };
		E2DAC33716E7C0D5002BD487 /* Default-568h@2x.png */ = {isa = PBXFileReference; lastKnownFileType = image.png; name = "Default-568h@2x.png"; path = "../Default-568h@2x.png"; sourceTree = "<group>"; };
		E2F8EF58155BFE680094948B /* contacts.png */ = {isa = PBXFileReference; lastKnownFileType = image.png; path = contacts.png; sourceTree = "<group>"; };
/* End PBXFileReference section */

/* Begin PBXFrameworksBuildPhase section */
		E20D4B2314DB53B1007A33CB /* Frameworks */ = {
			isa = PBXFrameworksBuildPhase;
			buildActionMask = 2147483647;
			files = (
				E20F7C1316866E6F001BF2C3 /* QuartzCore.framework in Frameworks */,
				E20D4B7214DB61CB007A33CB /* MapKit.framework in Frameworks */,
				E20D4B2B14DB53B1007A33CB /* UIKit.framework in Frameworks */,
				E20D4B2D14DB53B1007A33CB /* Foundation.framework in Frameworks */,
				E20D4B2F14DB53B1007A33CB /* CoreGraphics.framework in Frameworks */,
			);
			runOnlyForDeploymentPostprocessing = 0;
		};
/* End PBXFrameworksBuildPhase section */

/* Begin PBXGroup section */
		E20D4B1B14DB53B1007A33CB = {
			isa = PBXGroup;
			children = (
				E2DAC33716E7C0D5002BD487 /* Default-568h@2x.png */,
				E20F7C1216866E6F001BF2C3 /* QuartzCore.framework */,
				E20D4B7114DB61CA007A33CB /* MapKit.framework */,
				E20D4B3014DB53B1007A33CB /* TabbedExample */,
				E20D4B2914DB53B1007A33CB /* Frameworks */,
				E20D4B2714DB53B1007A33CB /* Products */,
			);
			sourceTree = "<group>";
		};
		E20D4B2714DB53B1007A33CB /* Products */ = {
			isa = PBXGroup;
			children = (
				E20D4B2614DB53B1007A33CB /* TabbedExample.app */,
			);
			name = Products;
			sourceTree = "<group>";
		};
		E20D4B2914DB53B1007A33CB /* Frameworks */ = {
			isa = PBXGroup;
			children = (
				E20D4B2A14DB53B1007A33CB /* UIKit.framework */,
				E20D4B2C14DB53B1007A33CB /* Foundation.framework */,
				E20D4B2E14DB53B1007A33CB /* CoreGraphics.framework */,
			);
			name = Frameworks;
			sourceTree = "<group>";
		};
		E20D4B3014DB53B1007A33CB /* TabbedExample */ = {
			isa = PBXGroup;
			children = (
				E20D4B5514DB5477007A33CB /* vendor */,
				E20D4B3914DB53B1007A33CB /* AppDelegate.h */,
				E20D4B3A14DB53B1007A33CB /* AppDelegate.m */,
				E20D4B3C14DB53B1007A33CB /* FirstViewController.h */,
				E20D4B3D14DB53B1007A33CB /* FirstViewController.m */,
				E20D4B3F14DB53B1007A33CB /* first.png */,
				E20D4B4114DB53B1007A33CB /* first@2x.png */,
				E20D4B4314DB53B1007A33CB /* SecondViewController.h */,
				E20D4B4414DB53B1007A33CB /* SecondViewController.m */,
				E2F8EF58155BFE680094948B /* contacts.png */,
				E20D4B4614DB53B1007A33CB /* second.png */,
				E20D4B4814DB53B1007A33CB /* second@2x.png */,
				E20D4B4A14DB53B1007A33CB /* FirstViewController.xib */,
				E20D4B4D14DB53B1007A33CB /* SecondViewController.xib */,
				E20D4B3114DB53B1007A33CB /* Supporting Files */,
				E20D4B5D14DB5538007A33CB /* SelectorController.h */,
				E20D4B5E14DB5538007A33CB /* SelectorController.m */,
				E20D4B5F14DB5538007A33CB /* SelectorController.xib */,
				E20D4B6214DB5F9F007A33CB /* ThirdViewController.h */,
				E20D4B6314DB5F9F007A33CB /* ThirdViewController.m */,
				E20D4B6414DB5F9F007A33CB /* ThirdViewController.xib */,
				E20D4B6714DB5FCC007A33CB /* FourthViewController.h */,
				E20D4B6814DB5FCC007A33CB /* FourthViewController.m */,
				E20D4B6914DB5FCC007A33CB /* FourthViewController.xib */,
				E20D4B6C14DB5FE2007A33CB /* FifthViewController.h */,
				E20D4B6D14DB5FE2007A33CB /* FifthViewController.m */,
				E20D4B6E14DB5FE2007A33CB /* FifthViewController.xib */,
			);
			path = TabbedExample;
			sourceTree = "<group>";
		};
		E20D4B3114DB53B1007A33CB /* Supporting Files */ = {
			isa = PBXGroup;
			children = (
				E20D4B3214DB53B1007A33CB /* TabbedExample-Info.plist */,
				E20D4B3314DB53B1007A33CB /* InfoPlist.strings */,
				E20D4B3614DB53B1007A33CB /* main.m */,
				E20D4B3814DB53B1007A33CB /* TabbedExample-Prefix.pch */,
			);
			name = "Supporting Files";
			sourceTree = "<group>";
		};
		E20D4B5514DB5477007A33CB /* vendor */ = {
			isa = PBXGroup;
			children = (
				E20D4B5614DB5486007A33CB /* ViewDeck */,
			);
			name = vendor;
			sourceTree = "<group>";
		};
		E20D4B5614DB5486007A33CB /* ViewDeck */ = {
			isa = PBXGroup;
			children = (
				E20D4B5714DB5486007A33CB /* IIViewDeckController.h */,
				E20D4B5814DB5486007A33CB /* IIViewDeckController.m */,
				E0C300D6161A50F50097213B /* IIWrapController.h */,
				E0C300D7161A50F50097213B /* IIWrapController.m */,
			);
			name = ViewDeck;
			path = ../../ViewDeck;
			sourceTree = "<group>";
		};
/* End PBXGroup section */

/* Begin PBXNativeTarget section */
		E20D4B2514DB53B1007A33CB /* TabbedExample */ = {
			isa = PBXNativeTarget;
			buildConfigurationList = E20D4B5214DB53B1007A33CB /* Build configuration list for PBXNativeTarget "TabbedExample" */;
			buildPhases = (
				E20D4B2214DB53B1007A33CB /* Sources */,
				E20D4B2314DB53B1007A33CB /* Frameworks */,
				E20D4B2414DB53B1007A33CB /* Resources */,
			);
			buildRules = (
			);
			dependencies = (
			);
			name = TabbedExample;
			productName = TabbedExample;
			productReference = E20D4B2614DB53B1007A33CB /* TabbedExample.app */;
			productType = "com.apple.product-type.application";
		};
/* End PBXNativeTarget section */

/* Begin PBXProject section */
		E20D4B1D14DB53B1007A33CB /* Project object */ = {
			isa = PBXProject;
			attributes = {
				LastUpgradeCheck = 0420;
				ORGANIZATIONNAME = "Adriaenssen BVBA";
			};
			buildConfigurationList = E20D4B2014DB53B1007A33CB /* Build configuration list for PBXProject "TabbedExample" */;
			compatibilityVersion = "Xcode 3.2";
			developmentRegion = English;
			hasScannedForEncodings = 0;
			knownRegions = (
				en,
			);
			mainGroup = E20D4B1B14DB53B1007A33CB;
			productRefGroup = E20D4B2714DB53B1007A33CB /* Products */;
			projectDirPath = "";
			projectRoot = "";
			targets = (
				E20D4B2514DB53B1007A33CB /* TabbedExample */,
			);
		};
/* End PBXProject section */

/* Begin PBXResourcesBuildPhase section */
		E20D4B2414DB53B1007A33CB /* Resources */ = {
			isa = PBXResourcesBuildPhase;
			buildActionMask = 2147483647;
			files = (
				E20D4B3514DB53B1007A33CB /* InfoPlist.strings in Resources */,
				E20D4B4014DB53B1007A33CB /* first.png in Resources */,
				E20D4B4214DB53B1007A33CB /* first@2x.png in Resources */,
				E20D4B4714DB53B1007A33CB /* second.png in Resources */,
				E20D4B4914DB53B1007A33CB /* second@2x.png in Resources */,
				E20D4B4C14DB53B1007A33CB /* FirstViewController.xib in Resources */,
				E20D4B4F14DB53B1007A33CB /* SecondViewController.xib in Resources */,
				E20D4B6114DB5538007A33CB /* SelectorController.xib in Resources */,
				E20D4B6614DB5F9F007A33CB /* ThirdViewController.xib in Resources */,
				E20D4B6B14DB5FCC007A33CB /* FourthViewController.xib in Resources */,
				E20D4B7014DB5FE2007A33CB /* FifthViewController.xib in Resources */,
				E2F8EF59155BFE680094948B /* contacts.png in Resources */,
				E2DAC33816E7C0D5002BD487 /* Default-568h@2x.png in Resources */,
			);
			runOnlyForDeploymentPostprocessing = 0;
		};
/* End PBXResourcesBuildPhase section */

/* Begin PBXSourcesBuildPhase section */
		E20D4B2214DB53B1007A33CB /* Sources */ = {
			isa = PBXSourcesBuildPhase;
			buildActionMask = 2147483647;
			files = (
				E20D4B3714DB53B1007A33CB /* main.m in Sources */,
				E20D4B3B14DB53B1007A33CB /* AppDelegate.m in Sources */,
				E20D4B3E14DB53B1007A33CB /* FirstViewController.m in Sources */,
				E20D4B4514DB53B1007A33CB /* SecondViewController.m in Sources */,
				E20D4B5B14DB5486007A33CB /* IIViewDeckController.m in Sources */,
				E20D4B6014DB5538007A33CB /* SelectorController.m in Sources */,
				E20D4B6514DB5F9F007A33CB /* ThirdViewController.m in Sources */,
				E20D4B6A14DB5FCC007A33CB /* FourthViewController.m in Sources */,
				E20D4B6F14DB5FE2007A33CB /* FifthViewController.m in Sources */,
				E0C300D8161A50F50097213B /* IIWrapController.m in Sources */,
			);
			runOnlyForDeploymentPostprocessing = 0;
		};
/* End PBXSourcesBuildPhase section */

/* Begin PBXVariantGroup section */
		E20D4B3314DB53B1007A33CB /* InfoPlist.strings */ = {
			isa = PBXVariantGroup;
			children = (
				E20D4B3414DB53B1007A33CB /* en */,
			);
			name = InfoPlist.strings;
			sourceTree = "<group>";
		};
		E20D4B4A14DB53B1007A33CB /* FirstViewController.xib */ = {
			isa = PBXVariantGroup;
			children = (
				E20D4B4B14DB53B1007A33CB /* en */,
			);
			name = FirstViewController.xib;
			sourceTree = "<group>";
		};
		E20D4B4D14DB53B1007A33CB /* SecondViewController.xib */ = {
			isa = PBXVariantGroup;
			children = (
				E20D4B4E14DB53B1007A33CB /* en */,
			);
			name = SecondViewController.xib;
			sourceTree = "<group>";
		};
/* End PBXVariantGroup section */

/* Begin XCBuildConfiguration section */
		E20D4B5014DB53B1007A33CB /* Debug */ = {
			isa = XCBuildConfiguration;
			buildSettings = {
				ALWAYS_SEARCH_USER_PATHS = NO;
				ARCHS = "$(ARCHS_STANDARD_32_BIT)";
				CLANG_ENABLE_OBJC_ARC = YES;
				"CODE_SIGN_IDENTITY[sdk=iphoneos*]" = "iPhone Developer";
				COPY_PHASE_STRIP = NO;
				GCC_C_LANGUAGE_STANDARD = gnu99;
				GCC_DYNAMIC_NO_PIC = NO;
				GCC_OPTIMIZATION_LEVEL = 0;
				GCC_PREPROCESSOR_DEFINITIONS = (
					"DEBUG=1",
					"$(inherited)",
				);
				GCC_SYMBOLS_PRIVATE_EXTERN = NO;
				GCC_VERSION = com.apple.compilers.llvm.clang.1_0;
				GCC_WARN_ABOUT_MISSING_PROTOTYPES = YES;
				GCC_WARN_ABOUT_RETURN_TYPE = YES;
				GCC_WARN_UNUSED_VARIABLE = YES;
				IPHONEOS_DEPLOYMENT_TARGET = 5.0;
				SDKROOT = iphoneos;
			};
			name = Debug;
		};
		E20D4B5114DB53B1007A33CB /* Release */ = {
			isa = XCBuildConfiguration;
			buildSettings = {
				ALWAYS_SEARCH_USER_PATHS = NO;
				ARCHS = "$(ARCHS_STANDARD_32_BIT)";
				CLANG_ENABLE_OBJC_ARC = YES;
				"CODE_SIGN_IDENTITY[sdk=iphoneos*]" = "iPhone Developer";
				COPY_PHASE_STRIP = YES;
				GCC_C_LANGUAGE_STANDARD = gnu99;
				GCC_VERSION = com.apple.compilers.llvm.clang.1_0;
				GCC_WARN_ABOUT_MISSING_PROTOTYPES = YES;
				GCC_WARN_ABOUT_RETURN_TYPE = YES;
				GCC_WARN_UNUSED_VARIABLE = YES;
				IPHONEOS_DEPLOYMENT_TARGET = 5.0;
				OTHER_CFLAGS = "-DNS_BLOCK_ASSERTIONS=1";
				SDKROOT = iphoneos;
				VALIDATE_PRODUCT = YES;
			};
			name = Release;
		};
		E20D4B5314DB53B1007A33CB /* Debug */ = {
			isa = XCBuildConfiguration;
			buildSettings = {
				GCC_PRECOMPILE_PREFIX_HEADER = YES;
				GCC_PREFIX_HEADER = "TabbedExample/TabbedExample-Prefix.pch";
				INFOPLIST_FILE = "TabbedExample/TabbedExample-Info.plist";
				PRODUCT_NAME = "$(TARGET_NAME)";
				WRAPPER_EXTENSION = app;
			};
			name = Debug;
		};
		E20D4B5414DB53B1007A33CB /* Release */ = {
			isa = XCBuildConfiguration;
			buildSettings = {
				GCC_PRECOMPILE_PREFIX_HEADER = YES;
				GCC_PREFIX_HEADER = "TabbedExample/TabbedExample-Prefix.pch";
				INFOPLIST_FILE = "TabbedExample/TabbedExample-Info.plist";
				PRODUCT_NAME = "$(TARGET_NAME)";
				WRAPPER_EXTENSION = app;
			};
			name = Release;
		};
/* End XCBuildConfiguration section */

/* Begin XCConfigurationList section */
		E20D4B2014DB53B1007A33CB /* Build configuration list for PBXProject "TabbedExample" */ = {
			isa = XCConfigurationList;
			buildConfigurations = (
				E20D4B5014DB53B1007A33CB /* Debug */,
				E20D4B5114DB53B1007A33CB /* Release */,
			);
			defaultConfigurationIsVisible = 0;
			defaultConfigurationName = Release;
		};
		E20D4B5214DB53B1007A33CB /* Build configuration list for PBXNativeTarget "TabbedExample" */ = {
			isa = XCConfigurationList;
			buildConfigurations = (
				E20D4B5314DB53B1007A33CB /* Debug */,
				E20D4B5414DB53B1007A33CB /* Release */,
			);
			defaultConfigurationIsVisible = 0;
			defaultConfigurationName = Release;
		};
/* End XCConfigurationList section */
	};
	rootObject = E20D4B1D14DB53B1007A33CB /* Project object */;
}
