// !$*UTF8*$!
{
	archiveVersion = 1;
	classes = {
	};
	objectVersion = 46;
	objects = {

/* Begin PBXBuildFile section */
		E22E07F114BBA1AB00B002B7 /* RootViewController.m in Sources */ = {isa = PBXBuildFile; fileRef = E22E07EF14BBA1AB00B002B7 /* RootViewController.m */; };
		E22E07F214BBA1AC00B002B7 /* RootViewController.xib in Resources */ = {isa = PBXBuildFile; fileRef = E22E07F014BBA1AB00B002B7 /* RootViewController.xib */; };
		E2955F7014B728E4003DDB4E /* IIViewDeckController.m in Sources */ = {isa = PBXBuildFile; fileRef = E2955F6D14B728E4003DDB4E /* IIViewDeckController.m */; };
		E2955F7314B730AB003DDB4E /* photo.png in Resources */ = {isa = PBXBuildFile; fileRef = E2955F7214B730AB003DDB4E /* photo.png */; };
		E2955F8A14B7D14F003DDB4E /* SimpleController.m in Sources */ = {isa = PBXBuildFile; fileRef = E2955F8814B7D14F003DDB4E /* SimpleController.m */; };
		E2955F8B14B7D14F003DDB4E /* SimpleController.xib in Resources */ = {isa = PBXBuildFile; fileRef = E2955F8914B7D14F003DDB4E /* SimpleController.xib */; };
		E2955F8F14B7D15E003DDB4E /* WebController.m in Sources */ = {isa = PBXBuildFile; fileRef = E2955F8D14B7D15E003DDB4E /* WebController.m */; };
		E2955F9014B7D15E003DDB4E /* WebController.xib in Resources */ = {isa = PBXBuildFile; fileRef = E2955F8E14B7D15E003DDB4E /* WebController.xib */; };
		E2C8E5941497F62B00560D23 /* UIKit.framework in Frameworks */ = {isa = PBXBuildFile; fileRef = E2C8E5931497F62B00560D23 /* UIKit.framework */; };
		E2C8E5961497F62B00560D23 /* Foundation.framework in Frameworks */ = {isa = PBXBuildFile; fileRef = E2C8E5951497F62B00560D23 /* Foundation.framework */; };
		E2C8E5981497F62B00560D23 /* CoreGraphics.framework in Frameworks */ = {isa = PBXBuildFile; fileRef = E2C8E5971497F62B00560D23 /* CoreGraphics.framework */; };
		E2C8E59E1497F62B00560D23 /* InfoPlist.strings in Resources */ = {isa = PBXBuildFile; fileRef = E2C8E59C1497F62B00560D23 /* InfoPlist.strings */; };
		E2C8E5A01497F62B00560D23 /* main.m in Sources */ = {isa = PBXBuildFile; fileRef = E2C8E59F1497F62B00560D23 /* main.m */; };
		E2C8E5A41497F62B00560D23 /* AppDelegate.m in Sources */ = {isa = PBXBuildFile; fileRef = E2C8E5A31497F62B00560D23 /* AppDelegate.m */; };
		E2C8E5B81497F9CA00560D23 /* ChoiceController.m in Sources */ = {isa = PBXBuildFile; fileRef = E2C8E5B61497F9CA00560D23 /* ChoiceController.m */; };
		E2C8E5B91497F9CA00560D23 /* ChoiceController.xib in Resources */ = {isa = PBXBuildFile; fileRef = E2C8E5B71497F9CA00560D23 /* ChoiceController.xib */; };
		E2C8E5C61497FDC600560D23 /* PhotosController.m in Sources */ = {isa = PBXBuildFile; fileRef = E2C8E5C41497FDC600560D23 /* PhotosController.m */; };
		E2C8E5C71497FDC600560D23 /* PhotosController.xib in Resources */ = {isa = PBXBuildFile; fileRef = E2C8E5C51497FDC600560D23 /* PhotosController.xib */; };
		E2C8E5CB1497FDDB00560D23 /* SelectionController.m in Sources */ = {isa = PBXBuildFile; fileRef = E2C8E5C91497FDDB00560D23 /* SelectionController.m */; };
		E2C8E5CC1497FDDB00560D23 /* SelectionController.xib in Resources */ = {isa = PBXBuildFile; fileRef = E2C8E5CA1497FDDB00560D23 /* SelectionController.xib */; };
		E2C8E5D61498171F00560D23 /* QuartzCore.framework in Frameworks */ = {isa = PBXBuildFile; fileRef = E2C8E5D51498171F00560D23 /* QuartzCore.framework */; };
/* End PBXBuildFile section */

/* Begin PBXFileReference section */
		E0C300BE161A4E9D0097213B /* IIWrapController.h */ = {isa = PBXFileReference; lastKnownFileType = sourcecode.c.h; path = IIWrapController.h; sourceTree = "<group>"; };
		E0C300BF161A4E9D0097213B /* IIWrapController.m */ = {isa = PBXFileReference; lastKnownFileType = sourcecode.c.objc; path = IIWrapController.m; sourceTree = "<group>"; };
		E22E07EE14BBA1AB00B002B7 /* RootViewController.h */ = {isa = PBXFileReference; fileEncoding = 4; lastKnownFileType = sourcecode.c.h; path = RootViewController.h; sourceTree = "<group>"; };
		E22E07EF14BBA1AB00B002B7 /* RootViewController.m */ = {isa = PBXFileReference; fileEncoding = 4; lastKnownFileType = sourcecode.c.objc; path = RootViewController.m; sourceTree = "<group>"; };
		E22E07F014BBA1AB00B002B7 /* RootViewController.xib */ = {isa = PBXFileReference; fileEncoding = 4; lastKnownFileType = file.xib; path = RootViewController.xib; sourceTree = "<group>"; };
		E2955F6C14B728E4003DDB4E /* IIViewDeckController.h */ = {isa = PBXFileReference; fileEncoding = 4; lastKnownFileType = sourcecode.c.h; path = IIViewDeckController.h; sourceTree = "<group>"; };
		E2955F6D14B728E4003DDB4E /* IIViewDeckController.m */ = {isa = PBXFileReference; fileEncoding = 4; lastKnownFileType = sourcecode.c.objc; path = IIViewDeckController.m; sourceTree = "<group>"; };
		E2955F7214B730AB003DDB4E /* photo.png */ = {isa = PBXFileReference; lastKnownFileType = image.png; path = photo.png; sourceTree = "<group>"; };
		E2955F8714B7D14F003DDB4E /* SimpleController.h */ = {isa = PBXFileReference; fileEncoding = 4; lastKnownFileType = sourcecode.c.h; path = SimpleController.h; sourceTree = "<group>"; };
		E2955F8814B7D14F003DDB4E /* SimpleController.m */ = {isa = PBXFileReference; fileEncoding = 4; lastKnownFileType = sourcecode.c.objc; path = SimpleController.m; sourceTree = "<group>"; };
		E2955F8914B7D14F003DDB4E /* SimpleController.xib */ = {isa = PBXFileReference; fileEncoding = 4; lastKnownFileType = file.xib; path = SimpleController.xib; sourceTree = "<group>"; };
		E2955F8C14B7D15E003DDB4E /* WebController.h */ = {isa = PBXFileReference; fileEncoding = 4; lastKnownFileType = sourcecode.c.h; path = WebController.h; sourceTree = "<group>"; };
		E2955F8D14B7D15E003DDB4E /* WebController.m */ = {isa = PBXFileReference; fileEncoding = 4; lastKnownFileType = sourcecode.c.objc; path = WebController.m; sourceTree = "<group>"; };
		E2955F8E14B7D15E003DDB4E /* WebController.xib */ = {isa = PBXFileReference; fileEncoding = 4; lastKnownFileType = file.xib; path = WebController.xib; sourceTree = "<group>"; };
		E2C8E58F1497F62B00560D23 /* FeaturesExample.app */ = {isa = PBXFileReference; explicitFileType = wrapper.application; includeInIndex = 0; path = FeaturesExample.app; sourceTree = BUILT_PRODUCTS_DIR; };
		E2C8E5931497F62B00560D23 /* UIKit.framework */ = {isa = PBXFileReference; lastKnownFileType = wrapper.framework; name = UIKit.framework; path = System/Library/Frameworks/UIKit.framework; sourceTree = SDKROOT; };
		E2C8E5951497F62B00560D23 /* Foundation.framework */ = {isa = PBXFileReference; lastKnownFileType = wrapper.framework; name = Foundation.framework; path = System/Library/Frameworks/Foundation.framework; sourceTree = SDKROOT; };
		E2C8E5971497F62B00560D23 /* CoreGraphics.framework */ = {isa = PBXFileReference; lastKnownFileType = wrapper.framework; name = CoreGraphics.framework; path = System/Library/Frameworks/CoreGraphics.framework; sourceTree = SDKROOT; };
		E2C8E59B1497F62B00560D23 /* FeaturesExample-Info.plist */ = {isa = PBXFileReference; lastKnownFileType = text.plist.xml; path = "FeaturesExample-Info.plist"; sourceTree = "<group>"; };
		E2C8E59D1497F62B00560D23 /* en */ = {isa = PBXFileReference; lastKnownFileType = text.plist.strings; name = en; path = en.lproj/InfoPlist.strings; sourceTree = "<group>"; };
		E2C8E59F1497F62B00560D23 /* main.m */ = {isa = PBXFileReference; lastKnownFileType = sourcecode.c.objc; path = main.m; sourceTree = "<group>"; };
		E2C8E5A11497F62B00560D23 /* FeaturesExample-Prefix.pch */ = {isa = PBXFileReference; lastKnownFileType = sourcecode.c.h; path = "FeaturesExample-Prefix.pch"; sourceTree = "<group>"; };
		E2C8E5A21497F62B00560D23 /* AppDelegate.h */ = {isa = PBXFileReference; lastKnownFileType = sourcecode.c.h; path = AppDelegate.h; sourceTree = "<group>"; };
		E2C8E5A31497F62B00560D23 /* AppDelegate.m */ = {isa = PBXFileReference; lastKnownFileType = sourcecode.c.objc; path = AppDelegate.m; sourceTree = "<group>"; };
		E2C8E5B51497F9CA00560D23 /* ChoiceController.h */ = {isa = PBXFileReference; fileEncoding = 4; lastKnownFileType = sourcecode.c.h; path = ChoiceController.h; sourceTree = "<group>"; };
		E2C8E5B61497F9CA00560D23 /* ChoiceController.m */ = {isa = PBXFileReference; fileEncoding = 4; lastKnownFileType = sourcecode.c.objc; path = ChoiceController.m; sourceTree = "<group>"; };
		E2C8E5B71497F9CA00560D23 /* ChoiceController.xib */ = {isa = PBXFileReference; fileEncoding = 4; lastKnownFileType = file.xib; path = ChoiceController.xib; sourceTree = "<group>"; };
		E2C8E5C31497FDC600560D23 /* PhotosController.h */ = {isa = PBXFileReference; fileEncoding = 4; lastKnownFileType = sourcecode.c.h; path = PhotosController.h; sourceTree = "<group>"; };
		E2C8E5C41497FDC600560D23 /* PhotosController.m */ = {isa = PBXFileReference; fileEncoding = 4; lastKnownFileType = sourcecode.c.objc; path = PhotosController.m; sourceTree = "<group>"; };
		E2C8E5C51497FDC600560D23 /* PhotosController.xib */ = {isa = PBXFileReference; fileEncoding = 4; lastKnownFileType = file.xib; path = PhotosController.xib; sourceTree = "<group>"; };
		E2C8E5C81497FDDB00560D23 /* SelectionController.h */ = {isa = PBXFileReference; fileEncoding = 4; lastKnownFileType = sourcecode.c.h; path = SelectionController.h; sourceTree = "<group>"; };
		E2C8E5C91497FDDB00560D23 /* SelectionController.m */ = {isa = PBXFileReference; fileEncoding = 4; lastKnownFileType = sourcecode.c.objc; path = SelectionController.m; sourceTree = "<group>"; };
		E2C8E5CA1497FDDB00560D23 /* SelectionController.xib */ = {isa = PBXFileReference; fileEncoding = 4; lastKnownFileType = file.xib; path = SelectionController.xib; sourceTree = "<group>"; };
		E2C8E5D51498171F00560D23 /* QuartzCore.framework */ = {isa = PBXFileReference; lastKnownFileType = wrapper.framework; name = QuartzCore.framework; path = System/Library/Frameworks/QuartzCore.framework; sourceTree = SDKROOT; };
/* End PBXFileReference section */

/* Begin PBXFrameworksBuildPhase section */
		E2C8E58C1497F62B00560D23 /* Frameworks */ = {
			isa = PBXFrameworksBuildPhase;
			buildActionMask = 2147483647;
			files = (
				E2C8E5D61498171F00560D23 /* QuartzCore.framework in Frameworks */,
				E2C8E5941497F62B00560D23 /* UIKit.framework in Frameworks */,
				E2C8E5961497F62B00560D23 /* Foundation.framework in Frameworks */,
				E2C8E5981497F62B00560D23 /* CoreGraphics.framework in Frameworks */,
			);
			runOnlyForDeploymentPostprocessing = 0;
		};
/* End PBXFrameworksBuildPhase section */

/* Begin PBXGroup section */
		E2955F6B14B728E4003DDB4E /* ViewDeck */ = {
			isa = PBXGroup;
			children = (
				E0C300BE161A4E9D0097213B /* IIWrapController.h */,
				E0C300BF161A4E9D0097213B /* IIWrapController.m */,
				E2955F6C14B728E4003DDB4E /* IIViewDeckController.h */,
				E2955F6D14B728E4003DDB4E /* IIViewDeckController.m */,
			);
			path = ViewDeck;
			sourceTree = SOURCE_ROOT;
		};
		E2C8E5841497F62B00560D23 = {
			isa = PBXGroup;
			children = (
				E2C8E5991497F62B00560D23 /* FeaturesExample */,
				E2C8E5921497F62B00560D23 /* Frameworks */,
				E2C8E5901497F62B00560D23 /* Products */,
			);
			sourceTree = "<group>";
		};
		E2C8E5901497F62B00560D23 /* Products */ = {
			isa = PBXGroup;
			children = (
				E2C8E58F1497F62B00560D23 /* FeaturesExample.app */,
			);
			name = Products;
			sourceTree = "<group>";
		};
		E2C8E5921497F62B00560D23 /* Frameworks */ = {
			isa = PBXGroup;
			children = (
				E2C8E5D51498171F00560D23 /* QuartzCore.framework */,
				E2C8E5931497F62B00560D23 /* UIKit.framework */,
				E2C8E5951497F62B00560D23 /* Foundation.framework */,
				E2C8E5971497F62B00560D23 /* CoreGraphics.framework */,
			);
			name = Frameworks;
			sourceTree = "<group>";
		};
		E2C8E5991497F62B00560D23 /* FeaturesExample */ = {
			isa = PBXGroup;
			children = (
				E2955F7214B730AB003DDB4E /* photo.png */,
				E2C8E59A1497F62B00560D23 /* Supporting Files */,
				E2C8E5B01497F94500560D23 /* vendor */,
				E2C8E5A21497F62B00560D23 /* AppDelegate.h */,
				E2C8E5A31497F62B00560D23 /* AppDelegate.m */,
				E22E07EE14BBA1AB00B002B7 /* RootViewController.h */,
				E22E07EF14BBA1AB00B002B7 /* RootViewController.m */,
				E22E07F014BBA1AB00B002B7 /* RootViewController.xib */,
				E2C8E5B51497F9CA00560D23 /* ChoiceController.h */,
				E2C8E5B61497F9CA00560D23 /* ChoiceController.m */,
				E2C8E5B71497F9CA00560D23 /* ChoiceController.xib */,
				E2C8E5C21497FDAE00560D23 /* Content */,
			);
			path = FeaturesExample;
			sourceTree = "<group>";
		};
		E2C8E59A1497F62B00560D23 /* Supporting Files */ = {
			isa = PBXGroup;
			children = (
				E2C8E59B1497F62B00560D23 /* FeaturesExample-Info.plist */,
				E2C8E59C1497F62B00560D23 /* InfoPlist.strings */,
				E2C8E59F1497F62B00560D23 /* main.m */,
				E2C8E5A11497F62B00560D23 /* FeaturesExample-Prefix.pch */,
			);
			name = "Supporting Files";
			sourceTree = "<group>";
		};
		E2C8E5B01497F94500560D23 /* vendor */ = {
			isa = PBXGroup;
			children = (
				E2955F6B14B728E4003DDB4E /* ViewDeck */,
			);
			path = vendor;
			sourceTree = "<group>";
		};
		E2C8E5C21497FDAE00560D23 /* Content */ = {
			isa = PBXGroup;
			children = (
				E2C8E5C31497FDC600560D23 /* PhotosController.h */,
				E2C8E5C41497FDC600560D23 /* PhotosController.m */,
				E2C8E5C51497FDC600560D23 /* PhotosController.xib */,
				E2C8E5C81497FDDB00560D23 /* SelectionController.h */,
				E2C8E5C91497FDDB00560D23 /* SelectionController.m */,
				E2C8E5CA1497FDDB00560D23 /* SelectionController.xib */,
				E2955F8714B7D14F003DDB4E /* SimpleController.h */,
				E2955F8814B7D14F003DDB4E /* SimpleController.m */,
				E2955F8914B7D14F003DDB4E /* SimpleController.xib */,
				E2955F8C14B7D15E003DDB4E /* WebController.h */,
				E2955F8D14B7D15E003DDB4E /* WebController.m */,
				E2955F8E14B7D15E003DDB4E /* WebController.xib */,
			);
			name = Content;
			sourceTree = "<group>";
		};
/* End PBXGroup section */

/* Begin PBXNativeTarget section */
		E2C8E58E1497F62B00560D23 /* FeaturesExample */ = {
			isa = PBXNativeTarget;
			buildConfigurationList = E2C8E5AD1497F62B00560D23 /* Build configuration list for PBXNativeTarget "FeaturesExample" */;
			buildPhases = (
				E2C8E58B1497F62B00560D23 /* Sources */,
				E2C8E58C1497F62B00560D23 /* Frameworks */,
				E2C8E58D1497F62B00560D23 /* Resources */,
			);
			buildRules = (
			);
			dependencies = (
			);
			name = FeaturesExample;
			productName = FeaturesExample;
			productReference = E2C8E58F1497F62B00560D23 /* FeaturesExample.app */;
			productType = "com.apple.product-type.application";
		};
/* End PBXNativeTarget section */

/* Begin PBXProject section */
		E2C8E5861497F62B00560D23 /* Project object */ = {
			isa = PBXProject;
			attributes = {
				LastUpgradeCheck = 0430;
				ORGANIZATIONNAME = "Adriaenssen BVBA";
			};
			buildConfigurationList = E2C8E5891497F62B00560D23 /* Build configuration list for PBXProject "FeaturesExample" */;
			compatibilityVersion = "Xcode 3.2";
			developmentRegion = English;
			hasScannedForEncodings = 0;
			knownRegions = (
				en,
			);
			mainGroup = E2C8E5841497F62B00560D23;
			productRefGroup = E2C8E5901497F62B00560D23 /* Products */;
			projectDirPath = "";
			projectRoot = "";
			targets = (
				E2C8E58E1497F62B00560D23 /* FeaturesExample */,
			);
		};
/* End PBXProject section */

/* Begin PBXResourcesBuildPhase section */
		E2C8E58D1497F62B00560D23 /* Resources */ = {
			isa = PBXResourcesBuildPhase;
			buildActionMask = 2147483647;
			files = (
				E2C8E59E1497F62B00560D23 /* InfoPlist.strings in Resources */,
				E2C8E5B91497F9CA00560D23 /* ChoiceController.xib in Resources */,
				E2C8E5C71497FDC600560D23 /* PhotosController.xib in Resources */,
				E2C8E5CC1497FDDB00560D23 /* SelectionController.xib in Resources */,
				E2955F7314B730AB003DDB4E /* photo.png in Resources */,
				E2955F8B14B7D14F003DDB4E /* SimpleController.xib in Resources */,
				E2955F9014B7D15E003DDB4E /* WebController.xib in Resources */,
				E22E07F214BBA1AC00B002B7 /* RootViewController.xib in Resources */,
			);
			runOnlyForDeploymentPostprocessing = 0;
		};
/* End PBXResourcesBuildPhase section */

/* Begin PBXSourcesBuildPhase section */
		E2C8E58B1497F62B00560D23 /* Sources */ = {
			isa = PBXSourcesBuildPhase;
			buildActionMask = 2147483647;
			files = (
				E2C8E5A01497F62B00560D23 /* main.m in Sources */,
				E2C8E5A41497F62B00560D23 /* AppDelegate.m in Sources */,
				E2C8E5B81497F9CA00560D23 /* ChoiceController.m in Sources */,
				E2C8E5C61497FDC600560D23 /* PhotosController.m in Sources */,
				E2C8E5CB1497FDDB00560D23 /* SelectionController.m in Sources */,
				E2955F7014B728E4003DDB4E /* IIViewDeckController.m in Sources */,
				E2955F8A14B7D14F003DDB4E /* SimpleController.m in Sources */,
				E2955F8F14B7D15E003DDB4E /* WebController.m in Sources */,
				E22E07F114BBA1AB00B002B7 /* RootViewController.m in Sources */,
			);
			runOnlyForDeploymentPostprocessing = 0;
		};
/* End PBXSourcesBuildPhase section */

/* Begin PBXVariantGroup section */
		E2C8E59C1497F62B00560D23 /* InfoPlist.strings */ = {
			isa = PBXVariantGroup;
			children = (
				E2C8E59D1497F62B00560D23 /* en */,
			);
			name = InfoPlist.strings;
			sourceTree = "<group>";
		};
/* End PBXVariantGroup section */

/* Begin XCBuildConfiguration section */
		E2C8E5AB1497F62B00560D23 /* Debug */ = {
			isa = XCBuildConfiguration;
			buildSettings = {
				ALWAYS_SEARCH_USER_PATHS = NO;
				ARCHS = "$(ARCHS_STANDARD_32_BIT)";
				CLANG_ENABLE_OBJC_ARC = YES;
				"CODE_SIGN_IDENTITY[sdk=iphoneos*]" = "iPhone Developer";
				COPY_PHASE_STRIP = NO;
				GCC_C_LANGUAGE_STANDARD = gnu99;
				GCC_DYNAMIC_NO_PIC = NO;
				GCC_OPTIMIZATION_LEVEL = 0;
				GCC_PREPROCESSOR_DEFINITIONS = (
					"DEBUG=1",
					"$(inherited)",
				);
				GCC_SYMBOLS_PRIVATE_EXTERN = NO;
				GCC_VERSION = com.apple.compilers.llvm.clang.1_0;
				GCC_WARN_ABOUT_MISSING_PROTOTYPES = YES;
				GCC_WARN_ABOUT_RETURN_TYPE = YES;
				GCC_WARN_UNUSED_VARIABLE = YES;
				IPHONEOS_DEPLOYMENT_TARGET = 5.0;
				SDKROOT = iphoneos;
				TARGETED_DEVICE_FAMILY = 2;
			};
			name = Debug;
		};
		E2C8E5AC1497F62B00560D23 /* Release */ = {
			isa = XCBuildConfiguration;
			buildSettings = {
				ALWAYS_SEARCH_USER_PATHS = NO;
				ARCHS = "$(ARCHS_STANDARD_32_BIT)";
				CLANG_ENABLE_OBJC_ARC = YES;
				"CODE_SIGN_IDENTITY[sdk=iphoneos*]" = "iPhone Developer";
				COPY_PHASE_STRIP = YES;
				GCC_C_LANGUAGE_STANDARD = gnu99;
				GCC_VERSION = com.apple.compilers.llvm.clang.1_0;
				GCC_WARN_ABOUT_MISSING_PROTOTYPES = YES;
				GCC_WARN_ABOUT_RETURN_TYPE = YES;
				GCC_WARN_UNUSED_VARIABLE = YES;
				IPHONEOS_DEPLOYMENT_TARGET = 5.0;
				OTHER_CFLAGS = "-DNS_BLOCK_ASSERTIONS=1";
				SDKROOT = iphoneos;
				TARGETED_DEVICE_FAMILY = 2;
				VALIDATE_PRODUCT = YES;
			};
			name = Release;
		};
		E2C8E5AE1497F62B00560D23 /* Debug */ = {
			isa = XCBuildConfiguration;
			buildSettings = {
				"CODE_SIGN_IDENTITY[sdk=iphoneos*]" = "iPhone Developer";
				GCC_PRECOMPILE_PREFIX_HEADER = YES;
				GCC_PREFIX_HEADER = "FeaturesExample/FeaturesExample-Prefix.pch";
				INFOPLIST_FILE = "FeaturesExample/FeaturesExample-Info.plist";
				IPHONEOS_DEPLOYMENT_TARGET = 5.0;
				PRODUCT_NAME = "$(TARGET_NAME)";
				"PROVISIONING_PROFILE[sdk=iphoneos*]" = "";
				TARGETED_DEVICE_FAMILY = 2;
				WRAPPER_EXTENSION = app;
			};
			name = Debug;
		};
		E2C8E5AF1497F62B00560D23 /* Release */ = {
			isa = XCBuildConfiguration;
			buildSettings = {
				GCC_PRECOMPILE_PREFIX_HEADER = YES;
				GCC_PREFIX_HEADER = "FeaturesExample/FeaturesExample-Prefix.pch";
				INFOPLIST_FILE = "FeaturesExample/FeaturesExample-Info.plist";
				IPHONEOS_DEPLOYMENT_TARGET = 5.0;
				PRODUCT_NAME = "$(TARGET_NAME)";
				TARGETED_DEVICE_FAMILY = 2;
				WRAPPER_EXTENSION = app;
			};
			name = Release;
		};
/* End XCBuildConfiguration section */

/* Begin XCConfigurationList section */
		E2C8E5891497F62B00560D23 /* Build configuration list for PBXProject "FeaturesExample" */ = {
			isa = XCConfigurationList;
			buildConfigurations = (
				E2C8E5AB1497F62B00560D23 /* Debug */,
				E2C8E5AC1497F62B00560D23 /* Release */,
			);
			defaultConfigurationIsVisible = 0;
			defaultConfigurationName = Release;
		};
		E2C8E5AD1497F62B00560D23 /* Build configuration list for PBXNativeTarget "FeaturesExample" */ = {
			isa = XCConfigurationList;
			buildConfigurations = (
				E2C8E5AE1497F62B00560D23 /* Debug */,
				E2C8E5AF1497F62B00560D23 /* Release */,
			);
			defaultConfigurationIsVisible = 0;
			defaultConfigurationName = Release;
		};
/* End XCConfigurationList section */
	};
	rootObject = E2C8E5861497F62B00560D23 /* Project object */;
}
